// !$*UTF8*$!
{
	archiveVersion = 1;
	classes = {
	};
	objectVersion = 56;
	objects = {

/* Begin PBXBuildFile section */
		260E223E2ADD4D0500526F9F /* iosAppApp.swift in Sources */ = {isa = PBXBuildFile; fileRef = 260E223D2ADD4D0500526F9F /* iosAppApp.swift */; };
		260E22402ADD4D0500526F9F /* ContentView.swift in Sources */ = {isa = PBXBuildFile; fileRef = 260E223F2ADD4D0500526F9F /* ContentView.swift */; };
		260E22422ADD4D0700526F9F /* Assets.xcassets in Resources */ = {isa = PBXBuildFile; fileRef = 260E22412ADD4D0700526F9F /* Assets.xcassets */; };
		260E22452ADD4D0700526F9F /* Preview Assets.xcassets in Resources */ = {isa = PBXBuildFile; fileRef = 260E22442ADD4D0700526F9F /* Preview Assets.xcassets */; };
		260E224F2ADD4D0700526F9F /* iosAppTests.swift in Sources */ = {isa = PBXBuildFile; fileRef = 260E224E2ADD4D0700526F9F /* iosAppTests.swift */; };
		260E22592ADD4D0700526F9F /* iosAppUITests.swift in Sources */ = {isa = PBXBuildFile; fileRef = 260E22582ADD4D0700526F9F /* iosAppUITests.swift */; };
		260E225B2ADD4D0700526F9F /* iosAppUITestsLaunchTests.swift in Sources */ = {isa = PBXBuildFile; fileRef = 260E225A2ADD4D0700526F9F /* iosAppUITestsLaunchTests.swift */; };
/* End PBXBuildFile section */

/* Begin PBXContainerItemProxy section */
		260E224B2ADD4D0700526F9F /* PBXContainerItemProxy */ = {
			isa = PBXContainerItemProxy;
			containerPortal = 260E22322ADD4D0500526F9F /* Project object */;
			proxyType = 1;
			remoteGlobalIDString = 260E22392ADD4D0500526F9F;
			remoteInfo = iosApp;
		};
		260E22552ADD4D0700526F9F /* PBXContainerItemProxy */ = {
			isa = PBXContainerItemProxy;
			containerPortal = 260E22322ADD4D0500526F9F /* Project object */;
			proxyType = 1;
			remoteGlobalIDString = 260E22392ADD4D0500526F9F;
			remoteInfo = iosApp;
		};
/* End PBXContainerItemProxy section */

/* Begin PBXFileReference section */
		260E223A2ADD4D0500526F9F /* iosApp.app */ = {isa = PBXFileReference; explicitFileType = wrapper.application; includeInIndex = 0; path = iosApp.app; sourceTree = BUILT_PRODUCTS_DIR; };
		260E223D2ADD4D0500526F9F /* iosAppApp.swift */ = {isa = PBXFileReference; lastKnownFileType = sourcecode.swift; path = iosAppApp.swift; sourceTree = "<group>"; };
		260E223F2ADD4D0500526F9F /* ContentView.swift */ = {isa = PBXFileReference; lastKnownFileType = sourcecode.swift; path = ContentView.swift; sourceTree = "<group>"; };
		260E22412ADD4D0700526F9F /* Assets.xcassets */ = {isa = PBXFileReference; lastKnownFileType = folder.assetcatalog; path = Assets.xcassets; sourceTree = "<group>"; };
		260E22442ADD4D0700526F9F /* Preview Assets.xcassets */ = {isa = PBXFileReference; lastKnownFileType = folder.assetcatalog; path = "Preview Assets.xcassets"; sourceTree = "<group>"; };
		260E224A2ADD4D0700526F9F /* iosAppTests.xctest */ = {isa = PBXFileReference; explicitFileType = wrapper.cfbundle; includeInIndex = 0; path = iosAppTests.xctest; sourceTree = BUILT_PRODUCTS_DIR; };
		260E224E2ADD4D0700526F9F /* iosAppTests.swift */ = {isa = PBXFileReference; lastKnownFileType = sourcecode.swift; path = iosAppTests.swift; sourceTree = "<group>"; };
		260E22542ADD4D0700526F9F /* iosAppUITests.xctest */ = {isa = PBXFileReference; explicitFileType = wrapper.cfbundle; includeInIndex = 0; path = iosAppUITests.xctest; sourceTree = BUILT_PRODUCTS_DIR; };
		260E22582ADD4D0700526F9F /* iosAppUITests.swift */ = {isa = PBXFileReference; lastKnownFileType = sourcecode.swift; path = iosAppUITests.swift; sourceTree = "<group>"; };
		260E225A2ADD4D0700526F9F /* iosAppUITestsLaunchTests.swift */ = {isa = PBXFileReference; lastKnownFileType = sourcecode.swift; path = iosAppUITestsLaunchTests.swift; sourceTree = "<group>"; };
/* End PBXFileReference section */

/* Begin PBXFrameworksBuildPhase section */
		260E22372ADD4D0500526F9F /* Frameworks */ = {
			isa = PBXFrameworksBuildPhase;
			buildActionMask = 2147483647;
			files = (
			);
			runOnlyForDeploymentPostprocessing = 0;
		};
		260E22472ADD4D0700526F9F /* Frameworks */ = {
			isa = PBXFrameworksBuildPhase;
			buildActionMask = 2147483647;
			files = (
			);
			runOnlyForDeploymentPostprocessing = 0;
		};
		260E22512ADD4D0700526F9F /* Frameworks */ = {
			isa = PBXFrameworksBuildPhase;
			buildActionMask = 2147483647;
			files = (
			);
			runOnlyForDeploymentPostprocessing = 0;
		};
/* End PBXFrameworksBuildPhase section */

/* Begin PBXGroup section */
		260E22312ADD4D0500526F9F = {
			isa = PBXGroup;
			children = (
				260E223C2ADD4D0500526F9F /* iosApp */,
				260E224D2ADD4D0700526F9F /* iosAppTests */,
				260E22572ADD4D0700526F9F /* iosAppUITests */,
				260E223B2ADD4D0500526F9F /* Products */,
			);
			sourceTree = "<group>";
		};
		260E223B2ADD4D0500526F9F /* Products */ = {
			isa = PBXGroup;
			children = (
				260E223A2ADD4D0500526F9F /* iosApp.app */,
				260E224A2ADD4D0700526F9F /* iosAppTests.xctest */,
				260E22542ADD4D0700526F9F /* iosAppUITests.xctest */,
			);
			name = Products;
			sourceTree = "<group>";
		};
		260E223C2ADD4D0500526F9F /* iosApp */ = {
			isa = PBXGroup;
			children = (
				260E223D2ADD4D0500526F9F /* iosAppApp.swift */,
				260E223F2ADD4D0500526F9F /* ContentView.swift */,
				260E22412ADD4D0700526F9F /* Assets.xcassets */,
				260E22432ADD4D0700526F9F /* Preview Content */,
			);
			path = iosApp;
			sourceTree = "<group>";
		};
		260E22432ADD4D0700526F9F /* Preview Content */ = {
			isa = PBXGroup;
			children = (
				260E22442ADD4D0700526F9F /* Preview Assets.xcassets */,
			);
			path = "Preview Content";
			sourceTree = "<group>";
		};
		260E224D2ADD4D0700526F9F /* iosAppTests */ = {
			isa = PBXGroup;
			children = (
				260E224E2ADD4D0700526F9F /* iosAppTests.swift */,
			);
			path = iosAppTests;
			sourceTree = "<group>";
		};
		260E22572ADD4D0700526F9F /* iosAppUITests */ = {
			isa = PBXGroup;
			children = (
				260E22582ADD4D0700526F9F /* iosAppUITests.swift */,
				260E225A2ADD4D0700526F9F /* iosAppUITestsLaunchTests.swift */,
			);
			path = iosAppUITests;
			sourceTree = "<group>";
		};
/* End PBXGroup section */

/* Begin PBXNativeTarget section */
		260E22392ADD4D0500526F9F /* iosApp */ = {
			isa = PBXNativeTarget;
			buildConfigurationList = 260E225E2ADD4D0700526F9F /* Build configuration list for PBXNativeTarget "iosApp" */;
			buildPhases = (
				260E22362ADD4D0500526F9F /* Sources */,
				260E22372ADD4D0500526F9F /* Frameworks */,
				260E22382ADD4D0500526F9F /* Resources */,
			);
			buildRules = (
			);
			dependencies = (
			);
			name = iosApp;
			productName = iosApp;
			productReference = 260E223A2ADD4D0500526F9F /* iosApp.app */;
			productType = "com.apple.product-type.application";
		};
		260E22492ADD4D0700526F9F /* iosAppTests */ = {
			isa = PBXNativeTarget;
			buildConfigurationList = 260E22612ADD4D0700526F9F /* Build configuration list for PBXNativeTarget "iosAppTests" */;
			buildPhases = (
				260E22462ADD4D0700526F9F /* Sources */,
				260E22472ADD4D0700526F9F /* Frameworks */,
				260E22482ADD4D0700526F9F /* Resources */,
			);
			buildRules = (
			);
			dependencies = (
				260E224C2ADD4D0700526F9F /* PBXTargetDependency */,
			);
			name = iosAppTests;
			productName = iosAppTests;
			productReference = 260E224A2ADD4D0700526F9F /* iosAppTests.xctest */;
			productType = "com.apple.product-type.bundle.unit-test";
		};
		260E22532ADD4D0700526F9F /* iosAppUITests */ = {
			isa = PBXNativeTarget;
			buildConfigurationList = 260E22642ADD4D0700526F9F /* Build configuration list for PBXNativeTarget "iosAppUITests" */;
			buildPhases = (
				260E22502ADD4D0700526F9F /* Sources */,
				260E22512ADD4D0700526F9F /* Frameworks */,
				260E22522ADD4D0700526F9F /* Resources */,
			);
			buildRules = (
			);
			dependencies = (
				260E22562ADD4D0700526F9F /* PBXTargetDependency */,
			);
			name = iosAppUITests;
			productName = iosAppUITests;
			productReference = 260E22542ADD4D0700526F9F /* iosAppUITests.xctest */;
			productType = "com.apple.product-type.bundle.ui-testing";
		};
/* End PBXNativeTarget section */

/* Begin PBXProject section */
		260E22322ADD4D0500526F9F /* Project object */ = {
			isa = PBXProject;
			attributes = {
				BuildIndependentTargetsInParallel = 1;
				LastSwiftUpdateCheck = 1500;
				LastUpgradeCheck = 1500;
				TargetAttributes = {
					260E22392ADD4D0500526F9F = {
						CreatedOnToolsVersion = 15.0;
					};
					260E22492ADD4D0700526F9F = {
						CreatedOnToolsVersion = 15.0;
						TestTargetID = 260E22392ADD4D0500526F9F;
					};
					260E22532ADD4D0700526F9F = {
						CreatedOnToolsVersion = 15.0;
						TestTargetID = 260E22392ADD4D0500526F9F;
					};
				};
			};
			buildConfigurationList = 260E22352ADD4D0500526F9F /* Build configuration list for PBXProject "iosApp" */;
			compatibilityVersion = "Xcode 14.0";
			developmentRegion = en;
			hasScannedForEncodings = 0;
			knownRegions = (
				en,
				Base,
			);
			mainGroup = 260E22312ADD4D0500526F9F;
			productRefGroup = 260E223B2ADD4D0500526F9F /* Products */;
			projectDirPath = "";
			projectRoot = "";
			targets = (
				260E22392ADD4D0500526F9F /* iosApp */,
				260E22492ADD4D0700526F9F /* iosAppTests */,
				260E22532ADD4D0700526F9F /* iosAppUITests */,
			);
		};
/* End PBXProject section */

/* Begin PBXResourcesBuildPhase section */
		260E22382ADD4D0500526F9F /* Resources */ = {
			isa = PBXResourcesBuildPhase;
			buildActionMask = 2147483647;
			files = (
				260E22452ADD4D0700526F9F /* Preview Assets.xcassets in Resources */,
				260E22422ADD4D0700526F9F /* Assets.xcassets in Resources */,
			);
			runOnlyForDeploymentPostprocessing = 0;
		};
		260E22482ADD4D0700526F9F /* Resources */ = {
			isa = PBXResourcesBuildPhase;
			buildActionMask = 2147483647;
			files = (
			);
			runOnlyForDeploymentPostprocessing = 0;
		};
		260E22522ADD4D0700526F9F /* Resources */ = {
			isa = PBXResourcesBuildPhase;
			buildActionMask = 2147483647;
			files = (
			);
			runOnlyForDeploymentPostprocessing = 0;
		};
/* End PBXResourcesBuildPhase section */

/* Begin PBXSourcesBuildPhase section */
		260E22362ADD4D0500526F9F /* Sources */ = {
			isa = PBXSourcesBuildPhase;
			buildActionMask = 2147483647;
			files = (
				260E22402ADD4D0500526F9F /* ContentView.swift in Sources */,
				260E223E2ADD4D0500526F9F /* iosAppApp.swift in Sources */,
			);
			runOnlyForDeploymentPostprocessing = 0;
		};
		260E22462ADD4D0700526F9F /* Sources */ = {
			isa = PBXSourcesBuildPhase;
			buildActionMask = 2147483647;
			files = (
				260E224F2ADD4D0700526F9F /* iosAppTests.swift in Sources */,
			);
			runOnlyForDeploymentPostprocessing = 0;
		};
		260E22502ADD4D0700526F9F /* Sources */ = {
			isa = PBXSourcesBuildPhase;
			buildActionMask = 2147483647;
			files = (
				260E225B2ADD4D0700526F9F /* iosAppUITestsLaunchTests.swift in Sources */,
				260E22592ADD4D0700526F9F /* iosAppUITests.swift in Sources */,
			);
			runOnlyForDeploymentPostprocessing = 0;
		};
/* End PBXSourcesBuildPhase section */

/* Begin PBXTargetDependency section */
		260E224C2ADD4D0700526F9F /* PBXTargetDependency */ = {
			isa = PBXTargetDependency;
			target = 260E22392ADD4D0500526F9F /* iosApp */;
			targetProxy = 260E224B2ADD4D0700526F9F /* PBXContainerItemProxy */;
		};
		260E22562ADD4D0700526F9F /* PBXTargetDependency */ = {
			isa = PBXTargetDependency;
			target = 260E22392ADD4D0500526F9F /* iosApp */;
			targetProxy = 260E22552ADD4D0700526F9F /* PBXContainerItemProxy */;
		};
/* End PBXTargetDependency section */

/* Begin XCBuildConfiguration section */
		260E225C2ADD4D0700526F9F /* Debug */ = {
			isa = XCBuildConfiguration;
			buildSettings = {
				ALWAYS_SEARCH_USER_PATHS = NO;
				ASSETCATALOG_COMPILER_GENERATE_SWIFT_ASSET_SYMBOL_EXTENSIONS = YES;
				CLANG_ANALYZER_NONNULL = YES;
				CLANG_ANALYZER_NUMBER_OBJECT_CONVERSION = YES_AGGRESSIVE;
				CLANG_CXX_LANGUAGE_STANDARD = "gnu++20";
				CLANG_ENABLE_MODULES = YES;
				CLANG_ENABLE_OBJC_ARC = YES;
				CLANG_ENABLE_OBJC_WEAK = YES;
				CLANG_WARN_BLOCK_CAPTURE_AUTORELEASING = YES;
				CLANG_WARN_BOOL_CONVERSION = YES;
				CLANG_WARN_COMMA = YES;
				CLANG_WARN_CONSTANT_CONVERSION = YES;
				CLANG_WARN_DEPRECATED_OBJC_IMPLEMENTATIONS = YES;
				CLANG_WARN_DIRECT_OBJC_ISA_USAGE = YES_ERROR;
				CLANG_WARN_DOCUMENTATION_COMMENTS = YES;
				CLANG_WARN_EMPTY_BODY = YES;
				CLANG_WARN_ENUM_CONVERSION = YES;
				CLANG_WARN_INFINITE_RECURSION = YES;
				CLANG_WARN_INT_CONVERSION = YES;
				CLANG_WARN_NON_LITERAL_NULL_CONVERSION = YES;
				CLANG_WARN_OBJC_IMPLICIT_RETAIN_SELF = YES;
				CLANG_WARN_OBJC_LITERAL_CONVERSION = YES;
				CLANG_WARN_OBJC_ROOT_CLASS = YES_ERROR;
				CLANG_WARN_QUOTED_INCLUDE_IN_FRAMEWORK_HEADER = YES;
				CLANG_WARN_RANGE_LOOP_ANALYSIS = YES;
				CLANG_WARN_STRICT_PROTOTYPES = YES;
				CLANG_WARN_SUSPICIOUS_MOVE = YES;
				CLANG_WARN_UNGUARDED_AVAILABILITY = YES_AGGRESSIVE;
				CLANG_WARN_UNREACHABLE_CODE = YES;
				CLANG_WARN__DUPLICATE_METHOD_MATCH = YES;
				COPY_PHASE_STRIP = NO;
				DEBUG_INFORMATION_FORMAT = dwarf;
				ENABLE_STRICT_OBJC_MSGSEND = YES;
				ENABLE_TESTABILITY = YES;
				ENABLE_USER_SCRIPT_SANDBOXING = YES;
				GCC_C_LANGUAGE_STANDARD = gnu17;
				GCC_DYNAMIC_NO_PIC = NO;
				GCC_NO_COMMON_BLOCKS = YES;
				GCC_OPTIMIZATION_LEVEL = 0;
				GCC_PREPROCESSOR_DEFINITIONS = (
					"DEBUG=1",
					"$(inherited)",
				);
				GCC_WARN_64_TO_32_BIT_CONVERSION = YES;
				GCC_WARN_ABOUT_RETURN_TYPE = YES_ERROR;
				GCC_WARN_UNDECLARED_SELECTOR = YES;
				GCC_WARN_UNINITIALIZED_AUTOS = YES_AGGRESSIVE;
				GCC_WARN_UNUSED_FUNCTION = YES;
				GCC_WARN_UNUSED_VARIABLE = YES;
				IPHONEOS_DEPLOYMENT_TARGET = 17.0;
				LOCALIZATION_PREFERS_STRING_CATALOGS = YES;
				MTL_ENABLE_DEBUG_INFO = INCLUDE_SOURCE;
				MTL_FAST_MATH = YES;
				ONLY_ACTIVE_ARCH = YES;
				SDKROOT = iphoneos;
				SWIFT_ACTIVE_COMPILATION_CONDITIONS = "DEBUG $(inherited)";
				SWIFT_OPTIMIZATION_LEVEL = "-Onone";
			};
			name = Debug;
		};
		260E225D2ADD4D0700526F9F /* Release */ = {
			isa = XCBuildConfiguration;
			buildSettings = {
				ALWAYS_SEARCH_USER_PATHS = NO;
				ASSETCATALOG_COMPILER_GENERATE_SWIFT_ASSET_SYMBOL_EXTENSIONS = YES;
				CLANG_ANALYZER_NONNULL = YES;
				CLANG_ANALYZER_NUMBER_OBJECT_CONVERSION = YES_AGGRESSIVE;
				CLANG_CXX_LANGUAGE_STANDARD = "gnu++20";
				CLANG_ENABLE_MODULES = YES;
				CLANG_ENABLE_OBJC_ARC = YES;
				CLANG_ENABLE_OBJC_WEAK = YES;
				CLANG_WARN_BLOCK_CAPTURE_AUTORELEASING = YES;
				CLANG_WARN_BOOL_CONVERSION = YES;
				CLANG_WARN_COMMA = YES;
				CLANG_WARN_CONSTANT_CONVERSION = YES;
				CLANG_WARN_DEPRECATED_OBJC_IMPLEMENTATIONS = YES;
				CLANG_WARN_DIRECT_OBJC_ISA_USAGE = YES_ERROR;
				CLANG_WARN_DOCUMENTATION_COMMENTS = YES;
				CLANG_WARN_EMPTY_BODY = YES;
				CLANG_WARN_ENUM_CONVERSION = YES;
				CLANG_WARN_INFINITE_RECURSION = YES;
				CLANG_WARN_INT_CONVERSION = YES;
				CLANG_WARN_NON_LITERAL_NULL_CONVERSION = YES;
				CLANG_WARN_OBJC_IMPLICIT_RETAIN_SELF = YES;
				CLANG_WARN_OBJC_LITERAL_CONVERSION = YES;
				CLANG_WARN_OBJC_ROOT_CLASS = YES_ERROR;
				CLANG_WARN_QUOTED_INCLUDE_IN_FRAMEWORK_HEADER = YES;
				CLANG_WARN_RANGE_LOOP_ANALYSIS = YES;
				CLANG_WARN_STRICT_PROTOTYPES = YES;
				CLANG_WARN_SUSPICIOUS_MOVE = YES;
				CLANG_WARN_UNGUARDED_AVAILABILITY = YES_AGGRESSIVE;
				CLANG_WARN_UNREACHABLE_CODE = YES;
				CLANG_WARN__DUPLICATE_METHOD_MATCH = YES;
				COPY_PHASE_STRIP = NO;
				DEBUG_INFORMATION_FORMAT = "dwarf-with-dsym";
				ENABLE_NS_ASSERTIONS = NO;
				ENABLE_STRICT_OBJC_MSGSEND = YES;
				ENABLE_USER_SCRIPT_SANDBOXING = YES;
				GCC_C_LANGUAGE_STANDARD = gnu17;
				GCC_NO_COMMON_BLOCKS = YES;
				GCC_WARN_64_TO_32_BIT_CONVERSION = YES;
				GCC_WARN_ABOUT_RETURN_TYPE = YES_ERROR;
				GCC_WARN_UNDECLARED_SELECTOR = YES;
				GCC_WARN_UNINITIALIZED_AUTOS = YES_AGGRESSIVE;
				GCC_WARN_UNUSED_FUNCTION = YES;
				GCC_WARN_UNUSED_VARIABLE = YES;
				IPHONEOS_DEPLOYMENT_TARGET = 17.0;
				LOCALIZATION_PREFERS_STRING_CATALOGS = YES;
				MTL_ENABLE_DEBUG_INFO = NO;
				MTL_FAST_MATH = YES;
				SDKROOT = iphoneos;
				SWIFT_COMPILATION_MODE = wholemodule;
				VALIDATE_PRODUCT = YES;
			};
			name = Release;
		};
		260E225F2ADD4D0700526F9F /* Debug */ = {
			isa = XCBuildConfiguration;
			buildSettings = {
				ASSETCATALOG_COMPILER_APPICON_NAME = AppIcon;
				ASSETCATALOG_COMPILER_GLOBAL_ACCENT_COLOR_NAME = AccentColor;
				CODE_SIGN_STYLE = Automatic;
				CURRENT_PROJECT_VERSION = 1;
				DEVELOPMENT_ASSET_PATHS = "\"iosApp/Preview Content\"";
				ENABLE_PREVIEWS = YES;
				GENERATE_INFOPLIST_FILE = YES;
				INFOPLIST_KEY_UIApplicationSceneManifest_Generation = YES;
				INFOPLIST_KEY_UIApplicationSupportsIndirectInputEvents = YES;
				INFOPLIST_KEY_UILaunchScreen_Generation = YES;
				INFOPLIST_KEY_UISupportedInterfaceOrientations_iPad = "UIInterfaceOrientationPortrait UIInterfaceOrientationPortraitUpsideDown UIInterfaceOrientationLandscapeLeft UIInterfaceOrientationLandscapeRight";
				INFOPLIST_KEY_UISupportedInterfaceOrientations_iPhone = "UIInterfaceOrientationPortrait UIInterfaceOrientationLandscapeLeft UIInterfaceOrientationLandscapeRight";
				LD_RUNPATH_SEARCH_PATHS = (
					"$(inherited)",
					"@executable_path/Frameworks",
				);
				MARKETING_VERSION = 1.0;
				PRODUCT_BUNDLE_IDENTIFIER = Abdu.iosApp;
				PRODUCT_NAME = "$(TARGET_NAME)";
				SWIFT_EMIT_LOC_STRINGS = YES;
				SWIFT_VERSION = 5.0;
				TARGETED_DEVICE_FAMILY = "1,2";
			};
			name = Debug;
		};
		260E22602ADD4D0700526F9F /* Release */ = {
			isa = XCBuildConfiguration;
			buildSettings = {
				ASSETCATALOG_COMPILER_APPICON_NAME = AppIcon;
				ASSETCATALOG_COMPILER_GLOBAL_ACCENT_COLOR_NAME = AccentColor;
				CODE_SIGN_STYLE = Automatic;
				CURRENT_PROJECT_VERSION = 1;
				DEVELOPMENT_ASSET_PATHS = "\"iosApp/Preview Content\"";
				ENABLE_PREVIEWS = YES;
				GENERATE_INFOPLIST_FILE = YES;
				INFOPLIST_KEY_UIApplicationSceneManifest_Generation = YES;
				INFOPLIST_KEY_UIApplicationSupportsIndirectInputEvents = YES;
				INFOPLIST_KEY_UILaunchScreen_Generation = YES;
				INFOPLIST_KEY_UISupportedInterfaceOrientations_iPad = "UIInterfaceOrientationPortrait UIInterfaceOrientationPortraitUpsideDown UIInterfaceOrientationLandscapeLeft UIInterfaceOrientationLandscapeRight";
				INFOPLIST_KEY_UISupportedInterfaceOrientations_iPhone = "UIInterfaceOrientationPortrait UIInterfaceOrientationLandscapeLeft UIInterfaceOrientationLandscapeRight";
				LD_RUNPATH_SEARCH_PATHS = (
					"$(inherited)",
					"@executable_path/Frameworks",
				);
				MARKETING_VERSION = 1.0;
				PRODUCT_BUNDLE_IDENTIFIER = Abdu.iosApp;
				PRODUCT_NAME = "$(TARGET_NAME)";
				SWIFT_EMIT_LOC_STRINGS = YES;
				SWIFT_VERSION = 5.0;
				TARGETED_DEVICE_FAMILY = "1,2";
			};
			name = Release;
		};
		260E22622ADD4D0700526F9F /* Debug */ = {
			isa = XCBuildConfiguration;
			buildSettings = {
				ALWAYS_EMBED_SWIFT_STANDARD_LIBRARIES = YES;
				BUNDLE_LOADER = "$(TEST_HOST)";
				CODE_SIGN_STYLE = Automatic;
				CURRENT_PROJECT_VERSION = 1;
				GENERATE_INFOPLIST_FILE = YES;
				IPHONEOS_DEPLOYMENT_TARGET = 17.0;
				MARKETING_VERSION = 1.0;
				PRODUCT_BUNDLE_IDENTIFIER = Abdu.iosAppTests;
				PRODUCT_NAME = "$(TARGET_NAME)";
				SWIFT_EMIT_LOC_STRINGS = NO;
				SWIFT_VERSION = 5.0;
				TARGETED_DEVICE_FAMILY = "1,2";
				TEST_HOST = "$(BUILT_PRODUCTS_DIR)/iosApp.app/$(BUNDLE_EXECUTABLE_FOLDER_PATH)/iosApp";
			};
			name = Debug;
		};
		260E22632ADD4D0700526F9F /* Release */ = {
			isa = XCBuildConfiguration;
			buildSettings = {
				ALWAYS_EMBED_SWIFT_STANDARD_LIBRARIES = YES;
				BUNDLE_LOADER = "$(TEST_HOST)";
				CODE_SIGN_STYLE = Automatic;
				CURRENT_PROJECT_VERSION = 1;
				GENERATE_INFOPLIST_FILE = YES;
				IPHONEOS_DEPLOYMENT_TARGET = 17.0;
				MARKETING_VERSION = 1.0;
				PRODUCT_BUNDLE_IDENTIFIER = Abdu.iosAppTests;
				PRODUCT_NAME = "$(TARGET_NAME)";
				SWIFT_EMIT_LOC_STRINGS = NO;
				SWIFT_VERSION = 5.0;
				TARGETED_DEVICE_FAMILY = "1,2";
				TEST_HOST = "$(BUILT_PRODUCTS_DIR)/iosApp.app/$(BUNDLE_EXECUTABLE_FOLDER_PATH)/iosApp";
			};
			name = Release;
		};
		260E22652ADD4D0700526F9F /* Debug */ = {
			isa = XCBuildConfiguration;
			buildSettings = {
				ALWAYS_EMBED_SWIFT_STANDARD_LIBRARIES = YES;
				CODE_SIGN_STYLE = Automatic;
				CURRENT_PROJECT_VERSION = 1;
				GENERATE_INFOPLIST_FILE = YES;
				MARKETING_VERSION = 1.0;
				PRODUCT_BUNDLE_IDENTIFIER = Abdu.iosAppUITests;
				PRODUCT_NAME = "$(TARGET_NAME)";
				SWIFT_EMIT_LOC_STRINGS = NO;
				SWIFT_VERSION = 5.0;
				TARGETED_DEVICE_FAMILY = "1,2";
				TEST_TARGET_NAME = iosApp;
			};
			name = Debug;
		};
		260E22662ADD4D0700526F9F /* Release */ = {
			isa = XCBuildConfiguration;
			buildSettings = {
				ALWAYS_EMBED_SWIFT_STANDARD_LIBRARIES = YES;
				CODE_SIGN_STYLE = Automatic;
				CURRENT_PROJECT_VERSION = 1;
				GENERATE_INFOPLIST_FILE = YES;
				MARKETING_VERSION = 1.0;
				PRODUCT_BUNDLE_IDENTIFIER = Abdu.iosAppUITests;
				PRODUCT_NAME = "$(TARGET_NAME)";
				SWIFT_EMIT_LOC_STRINGS = NO;
				SWIFT_VERSION = 5.0;
				TARGETED_DEVICE_FAMILY = "1,2";
				TEST_TARGET_NAME = iosApp;
			};
			name = Release;
		};
/* End XCBuildConfiguration section */

/* Begin XCConfigurationList section */
		260E22352ADD4D0500526F9F /* Build configuration list for PBXProject "iosApp" */ = {
			isa = XCConfigurationList;
			buildConfigurations = (
				260E225C2ADD4D0700526F9F /* Debug */,
				260E225D2ADD4D0700526F9F /* Release */,
			);
			defaultConfigurationIsVisible = 0;
			defaultConfigurationName = Release;
		};
		260E225E2ADD4D0700526F9F /* Build configuration list for PBXNativeTarget "iosApp" */ = {
			isa = XCConfigurationList;
			buildConfigurations = (
				260E225F2ADD4D0700526F9F /* Debug */,
				260E22602ADD4D0700526F9F /* Release */,
			);
			defaultConfigurationIsVisible = 0;
			defaultConfigurationName = Release;
		};
		260E22612ADD4D0700526F9F /* Build configuration list for PBXNativeTarget "iosAppTests" */ = {
			isa = XCConfigurationList;
			buildConfigurations = (
				260E22622ADD4D0700526F9F /* Debug */,
				260E22632ADD4D0700526F9F /* Release */,
			);
			defaultConfigurationIsVisible = 0;
			defaultConfigurationName = Release;
		};
		260E22642ADD4D0700526F9F /* Build configuration list for PBXNativeTarget "iosAppUITests" */ = {
			isa = XCConfigurationList;
			buildConfigurations = (
				260E22652ADD4D0700526F9F /* Debug */,
				260E22662ADD4D0700526F9F /* Release */,
			);
			defaultConfigurationIsVisible = 0;
			defaultConfigurationName = Release;
		};
/* End XCConfigurationList section */
	};
	rootObject = 260E22322ADD4D0500526F9F /* Project object */;
}
