// !$*UTF8*$!
{
	archiveVersion = 1;
	classes = {
	};
	objectVersion = 56;
	objects = {

/* Begin PBXBuildFile section */
		26048E8F2B039DC80095F6E1 /* PostPublishView.swift in Sources */ = {isa = PBXBuildFile; fileRef = 26048E8E2B039DC80095F6E1 /* PostPublishView.swift */; };
		26048E912B03A4E90095F6E1 /* CustomTextEditorView.swift in Sources */ = {isa = PBXBuildFile; fileRef = 26048E902B03A4E90095F6E1 /* CustomTextEditorView.swift */; };
		260E223E2ADD4D0500526F9F /* iosApp.swift in Sources */ = {isa = PBXBuildFile; fileRef = 260E223D2ADD4D0500526F9F /* iosApp.swift */; };
		260E22402ADD4D0500526F9F /* ContentView.swift in Sources */ = {isa = PBXBuildFile; fileRef = 260E223F2ADD4D0500526F9F /* ContentView.swift */; };
		260E22422ADD4D0700526F9F /* Assets.xcassets in Resources */ = {isa = PBXBuildFile; fileRef = 260E22412ADD4D0700526F9F /* Assets.xcassets */; };
		260E22452ADD4D0700526F9F /* Preview Assets.xcassets in Resources */ = {isa = PBXBuildFile; fileRef = 260E22442ADD4D0700526F9F /* Preview Assets.xcassets */; };
		260E224F2ADD4D0700526F9F /* iosAppTests.swift in Sources */ = {isa = PBXBuildFile; fileRef = 260E224E2ADD4D0700526F9F /* iosAppTests.swift */; };
		260E22592ADD4D0700526F9F /* iosAppUITests.swift in Sources */ = {isa = PBXBuildFile; fileRef = 260E22582ADD4D0700526F9F /* iosAppUITests.swift */; };
		260E225B2ADD4D0700526F9F /* iosAppUITestsLaunchTests.swift in Sources */ = {isa = PBXBuildFile; fileRef = 260E225A2ADD4D0700526F9F /* iosAppUITestsLaunchTests.swift */; };
		260E226B2ADD538800526F9F /* RegisterLoginView.swift in Sources */ = {isa = PBXBuildFile; fileRef = 260E226A2ADD538800526F9F /* RegisterLoginView.swift */; };
		260FB6B92B0F58290020651A /* PostPublishModelView.swift in Sources */ = {isa = PBXBuildFile; fileRef = 260FB6B82B0F58280020651A /* PostPublishModelView.swift */; };
		26154E592AF6AB9300B3197F /* CheckBoxToggleView.swift in Sources */ = {isa = PBXBuildFile; fileRef = 26154E582AF6AB9300B3197F /* CheckBoxToggleView.swift */; };
		26176B322AF94590002C050F /* ModelMain.swift in Sources */ = {isa = PBXBuildFile; fileRef = 26176B312AF94590002C050F /* ModelMain.swift */; };
		263EF6952B2F599100214E6A /* EditProfileFieldsView.swift in Sources */ = {isa = PBXBuildFile; fileRef = 263EF6942B2F599100214E6A /* EditProfileFieldsView.swift */; };
		263EF6972B2F76B100214E6A /* EditProfileFieldsModelView.swift in Sources */ = {isa = PBXBuildFile; fileRef = 263EF6962B2F76B100214E6A /* EditProfileFieldsModelView.swift */; };
		2647E57D2B344AAC00D8E6BC /* AWSAPIPlugin in Frameworks */ = {isa = PBXBuildFile; productRef = 2647E57C2B344AAC00D8E6BC /* AWSAPIPlugin */; };
		2647E57F2B344AAC00D8E6BC /* AWSCloudWatchLoggingPlugin in Frameworks */ = {isa = PBXBuildFile; productRef = 2647E57E2B344AAC00D8E6BC /* AWSCloudWatchLoggingPlugin */; };
		2647E5812B344AAC00D8E6BC /* AWSCognitoAuthPlugin in Frameworks */ = {isa = PBXBuildFile; productRef = 2647E5802B344AAC00D8E6BC /* AWSCognitoAuthPlugin */; };
		2647E5832B344AAC00D8E6BC /* AWSDataStorePlugin in Frameworks */ = {isa = PBXBuildFile; productRef = 2647E5822B344AAC00D8E6BC /* AWSDataStorePlugin */; };
		2647E5852B344AAC00D8E6BC /* AWSLocationGeoPlugin in Frameworks */ = {isa = PBXBuildFile; productRef = 2647E5842B344AAC00D8E6BC /* AWSLocationGeoPlugin */; };
		2647E5872B344AAC00D8E6BC /* AWSPinpointAnalyticsPlugin in Frameworks */ = {isa = PBXBuildFile; productRef = 2647E5862B344AAC00D8E6BC /* AWSPinpointAnalyticsPlugin */; };
		2647E5892B344AAC00D8E6BC /* AWSPinpointPushNotificationsPlugin in Frameworks */ = {isa = PBXBuildFile; productRef = 2647E5882B344AAC00D8E6BC /* AWSPinpointPushNotificationsPlugin */; };
		2647E58B2B344AAC00D8E6BC /* AWSPluginsCore in Frameworks */ = {isa = PBXBuildFile; productRef = 2647E58A2B344AAC00D8E6BC /* AWSPluginsCore */; };
		2647E58D2B344AAC00D8E6BC /* AWSPredictionsPlugin in Frameworks */ = {isa = PBXBuildFile; productRef = 2647E58C2B344AAC00D8E6BC /* AWSPredictionsPlugin */; };
		2647E58F2B344AAC00D8E6BC /* AWSS3StoragePlugin in Frameworks */ = {isa = PBXBuildFile; productRef = 2647E58E2B344AAC00D8E6BC /* AWSS3StoragePlugin */; };
		2647E5912B344AAC00D8E6BC /* Amplify in Frameworks */ = {isa = PBXBuildFile; productRef = 2647E5902B344AAC00D8E6BC /* Amplify */; };
		2647E5932B344AAC00D8E6BC /* CoreMLPredictionsPlugin in Frameworks */ = {isa = PBXBuildFile; productRef = 2647E5922B344AAC00D8E6BC /* CoreMLPredictionsPlugin */; };
		2647E5962B3474BE00D8E6BC /* LocationManager.swift in Sources */ = {isa = PBXBuildFile; fileRef = 2647E5952B3474BE00D8E6BC /* LocationManager.swift */; };
		2647E5982B348C7700D8E6BC /* DetailedNFTModelView.swift in Sources */ = {isa = PBXBuildFile; fileRef = 2647E5972B348C7700D8E6BC /* DetailedNFTModelView.swift */; };
		2648829B2B0B8E9800CFE6CD /* animacionO.dae in Resources */ = {isa = PBXBuildFile; fileRef = 2648829A2B0B8E9800CFE6CD /* animacionO.dae */; };
		2648B6812ADFBCAB00CCE4AE /* FeedComponentView.swift in Sources */ = {isa = PBXBuildFile; fileRef = 2648B6802ADFBCAB00CCE4AE /* FeedComponentView.swift */; };
		2648B6832ADFC42900CCE4AE /* FeedView.swift in Sources */ = {isa = PBXBuildFile; fileRef = 2648B6822ADFC42900CCE4AE /* FeedView.swift */; };
		265B8BA82AEFE2F20017DD36 /* ProfileFilters.swift in Sources */ = {isa = PBXBuildFile; fileRef = 265B8BA72AEFE2F20017DD36 /* ProfileFilters.swift */; };
		265C4DB32AED6A0300A7B018 /* InputField.swift in Sources */ = {isa = PBXBuildFile; fileRef = 265C4DB22AED6A0300A7B018 /* InputField.swift */; };
		265C4DB72AED751400A7B018 /* ProfilePreview.swift in Sources */ = {isa = PBXBuildFile; fileRef = 265C4DB62AED751400A7B018 /* ProfilePreview.swift */; };
		2663099A2B373E030026EA86 /* SelfUserProfileModelView.swift in Sources */ = {isa = PBXBuildFile; fileRef = 266309992B373E030026EA86 /* SelfUserProfileModelView.swift */; };
		2663099D2B3742440026EA86 /* WalletModelView.swift in Sources */ = {isa = PBXBuildFile; fileRef = 2663099C2B3742440026EA86 /* WalletModelView.swift */; };
		266360D62B2B18D7007D8D17 /* SelfUserProfileView.swift in Sources */ = {isa = PBXBuildFile; fileRef = 266360D52B2B18D7007D8D17 /* SelfUserProfileView.swift */; };
		2669AB972B32F2110099290A /* ContentModelView.swift in Sources */ = {isa = PBXBuildFile; fileRef = 2669AB962B32F2110099290A /* ContentModelView.swift */; };
		2669AB992B33134B0099290A /* FeedModelView.swift in Sources */ = {isa = PBXBuildFile; fileRef = 2669AB982B33134B0099290A /* FeedModelView.swift */; };
		2674F8242AF81AEC00379308 /* RegisterLoginModelView.swift in Sources */ = {isa = PBXBuildFile; fileRef = 2674F8232AF81AEC00379308 /* RegisterLoginModelView.swift */; };
		268C89FA2AFC4D6600581819 /* ProfileConfModelView.swift in Sources */ = {isa = PBXBuildFile; fileRef = 268C89F92AFC4D6600581819 /* ProfileConfModelView.swift */; };
		269FA1432AE6897F00B3D20E /* NavigationBarView.swift in Sources */ = {isa = PBXBuildFile; fileRef = 269FA1422AE6897F00B3D20E /* NavigationBarView.swift */; };
		269FA1472AE68FCA00B3D20E /* ExploreView.swift in Sources */ = {isa = PBXBuildFile; fileRef = 269FA1462AE68FCA00B3D20E /* ExploreView.swift */; };
		269FA1492AE68FE800B3D20E /* Profile&ConfView.swift in Sources */ = {isa = PBXBuildFile; fileRef = 269FA1482AE68FE800B3D20E /* Profile&ConfView.swift */; };
		269FA14B2AE6B45E00B3D20E /* WalletView.swift in Sources */ = {isa = PBXBuildFile; fileRef = 269FA14A2AE6B45E00B3D20E /* WalletView.swift */; };
		269FA14E2AE6B6E300B3D20E /* WalletDescr.swift in Sources */ = {isa = PBXBuildFile; fileRef = 269FA14D2AE6B6E300B3D20E /* WalletDescr.swift */; };
		26B965C92AE809D800712EB3 /* WalletInfoView.swift in Sources */ = {isa = PBXBuildFile; fileRef = 26B965C82AE809D700712EB3 /* WalletInfoView.swift */; };
		26BC4A4A2AEAC44E0029A623 /* DetailedNftView.swift in Sources */ = {isa = PBXBuildFile; fileRef = 26BC4A492AEAC44E0029A623 /* DetailedNftView.swift */; };
		26C4C72B2B35A3D400CCFE53 /* MyNFTsView.swift in Sources */ = {isa = PBXBuildFile; fileRef = 26C4C72A2B35A3D400CCFE53 /* MyNFTsView.swift */; };
		26C4C72D2B3602EF00CCFE53 /* MyNFTsModelView.swift in Sources */ = {isa = PBXBuildFile; fileRef = 26C4C72C2B3602EE00CCFE53 /* MyNFTsModelView.swift */; };
		26CA1BCE2AEEDC1C00E4EAC9 /* DetailedProfileView.swift in Sources */ = {isa = PBXBuildFile; fileRef = 26CA1BCD2AEEDC1C00E4EAC9 /* DetailedProfileView.swift */; };
		26DF2A602AFAB2C900C49CD6 /* ConfirmCodeSignUpView.swift in Sources */ = {isa = PBXBuildFile; fileRef = 26DF2A5F2AFAB2C900C49CD6 /* ConfirmCodeSignUpView.swift */; };
		26DF2A622AFC03A200C49CD6 /* ConfirmSignUpModelView.swift in Sources */ = {isa = PBXBuildFile; fileRef = 26DF2A612AFC03A200C49CD6 /* ConfirmSignUpModelView.swift */; };
		26EE64682B10D2F800B2A60F /* DetailedProfileModelView.swift in Sources */ = {isa = PBXBuildFile; fileRef = 26EE64672B10D2F800B2A60F /* DetailedProfileModelView.swift */; };
		26FC7A682B2D20A400B87B8B /* ExploreModelView.swift in Sources */ = {isa = PBXBuildFile; fileRef = 26FC7A672B2D20A400B87B8B /* ExploreModelView.swift */; };
		583BF6277C8054D992ED8C47 /* awsconfiguration.json in Resources */ = {isa = PBXBuildFile; fileRef = CAE3E62E7037DC14600E093A /* awsconfiguration.json */; };
		6D883EE66C1CEEA55830C2FD /* GeoGraphicalData+Schema.swift in Sources */ = {isa = PBXBuildFile; fileRef = 7C40A8BF28DE8BC8D7AAADEE /* GeoGraphicalData+Schema.swift */; };
		75B5E45F66B4852C73E663C2 /* GeoGraphicalData.swift in Sources */ = {isa = PBXBuildFile; fileRef = 9442C652BB183F450FB798C9 /* GeoGraphicalData.swift */; };
		77B831379A6CAB1B959A355A /* User+Schema.swift in Sources */ = {isa = PBXBuildFile; fileRef = 21FEFEE9F6E97BD9000404DA /* User+Schema.swift */; };
		8B5C48125C00613E51884770 /* Post+Schema.swift in Sources */ = {isa = PBXBuildFile; fileRef = 1CD4C4E1AA56C72B7FFA0254 /* Post+Schema.swift */; };
		A0DA95CE1A1FDFDA11729B07 /* amplifyconfiguration.json in Resources */ = {isa = PBXBuildFile; fileRef = 445AACCEAFCB9B0816182CF8 /* amplifyconfiguration.json */; };
		AC56E181C02B34C910F3DB91 /* User.swift in Sources */ = {isa = PBXBuildFile; fileRef = 3D3644A5AC80DED4DFE5F1AF /* User.swift */; };
		C196C583834597B7779956C9 /* PostStatus.swift in Sources */ = {isa = PBXBuildFile; fileRef = 07FE7F1E2BFA914E2FCF86E4 /* PostStatus.swift */; };
		C8439CAB4E41D6F28F47DBA1 /* Post.swift in Sources */ = {isa = PBXBuildFile; fileRef = F01C8B168B8E908161B9B3C3 /* Post.swift */; };
		F51D72A3D6E67E8A90010A5B /* AmplifyModels.swift in Sources */ = {isa = PBXBuildFile; fileRef = 6774546E4676321469B96C41 /* AmplifyModels.swift */; };
/* End PBXBuildFile section */

/* Begin PBXContainerItemProxy section */
		260E224B2ADD4D0700526F9F /* PBXContainerItemProxy */ = {
			isa = PBXContainerItemProxy;
			containerPortal = 260E22322ADD4D0500526F9F /* Project object */;
			proxyType = 1;
			remoteGlobalIDString = 260E22392ADD4D0500526F9F;
			remoteInfo = iosApp;
		};
		260E22552ADD4D0700526F9F /* PBXContainerItemProxy */ = {
			isa = PBXContainerItemProxy;
			containerPortal = 260E22322ADD4D0500526F9F /* Project object */;
			proxyType = 1;
			remoteGlobalIDString = 260E22392ADD4D0500526F9F;
			remoteInfo = iosApp;
		};
/* End PBXContainerItemProxy section */

/* Begin PBXFileReference section */
		07FE7F1E2BFA914E2FCF86E4 /* PostStatus.swift */ = {isa = PBXFileReference; explicitFileType = sourcecode.swift; name = PostStatus.swift; path = amplify/generated/models/PostStatus.swift; sourceTree = "<group>"; };
		1CD4C4E1AA56C72B7FFA0254 /* Post+Schema.swift */ = {isa = PBXFileReference; explicitFileType = sourcecode.swift; name = "Post+Schema.swift"; path = "amplify/generated/models/Post+Schema.swift"; sourceTree = "<group>"; };
		21FEFEE9F6E97BD9000404DA /* User+Schema.swift */ = {isa = PBXFileReference; explicitFileType = sourcecode.swift; name = "User+Schema.swift"; path = "amplify/generated/models/User+Schema.swift"; sourceTree = "<group>"; };
		26048E8E2B039DC80095F6E1 /* PostPublishView.swift */ = {isa = PBXFileReference; lastKnownFileType = sourcecode.swift; path = PostPublishView.swift; sourceTree = "<group>"; };
		26048E902B03A4E90095F6E1 /* CustomTextEditorView.swift */ = {isa = PBXFileReference; lastKnownFileType = sourcecode.swift; path = CustomTextEditorView.swift; sourceTree = "<group>"; };
		260E223A2ADD4D0500526F9F /* iosApp.app */ = {isa = PBXFileReference; explicitFileType = wrapper.application; includeInIndex = 0; path = iosApp.app; sourceTree = BUILT_PRODUCTS_DIR; };
		260E223D2ADD4D0500526F9F /* iosApp.swift */ = {isa = PBXFileReference; lastKnownFileType = sourcecode.swift; path = iosApp.swift; sourceTree = "<group>"; };
		260E223F2ADD4D0500526F9F /* ContentView.swift */ = {isa = PBXFileReference; lastKnownFileType = sourcecode.swift; path = ContentView.swift; sourceTree = "<group>"; };
		260E22412ADD4D0700526F9F /* Assets.xcassets */ = {isa = PBXFileReference; lastKnownFileType = folder.assetcatalog; path = Assets.xcassets; sourceTree = "<group>"; };
		260E22442ADD4D0700526F9F /* Preview Assets.xcassets */ = {isa = PBXFileReference; lastKnownFileType = folder.assetcatalog; path = "Preview Assets.xcassets"; sourceTree = "<group>"; };
		260E224A2ADD4D0700526F9F /* iosAppTests.xctest */ = {isa = PBXFileReference; explicitFileType = wrapper.cfbundle; includeInIndex = 0; path = iosAppTests.xctest; sourceTree = BUILT_PRODUCTS_DIR; };
		260E224E2ADD4D0700526F9F /* iosAppTests.swift */ = {isa = PBXFileReference; lastKnownFileType = sourcecode.swift; path = iosAppTests.swift; sourceTree = "<group>"; };
		260E22542ADD4D0700526F9F /* iosAppUITests.xctest */ = {isa = PBXFileReference; explicitFileType = wrapper.cfbundle; includeInIndex = 0; path = iosAppUITests.xctest; sourceTree = BUILT_PRODUCTS_DIR; };
		260E22582ADD4D0700526F9F /* iosAppUITests.swift */ = {isa = PBXFileReference; lastKnownFileType = sourcecode.swift; path = iosAppUITests.swift; sourceTree = "<group>"; };
		260E225A2ADD4D0700526F9F /* iosAppUITestsLaunchTests.swift */ = {isa = PBXFileReference; lastKnownFileType = sourcecode.swift; path = iosAppUITestsLaunchTests.swift; sourceTree = "<group>"; };
		260E226A2ADD538800526F9F /* RegisterLoginView.swift */ = {isa = PBXFileReference; lastKnownFileType = sourcecode.swift; path = RegisterLoginView.swift; sourceTree = "<group>"; };
		260FB6B82B0F58280020651A /* PostPublishModelView.swift */ = {isa = PBXFileReference; lastKnownFileType = sourcecode.swift; path = PostPublishModelView.swift; sourceTree = "<group>"; };
		26154E582AF6AB9300B3197F /* CheckBoxToggleView.swift */ = {isa = PBXFileReference; lastKnownFileType = sourcecode.swift; path = CheckBoxToggleView.swift; sourceTree = "<group>"; };
		26176B312AF94590002C050F /* ModelMain.swift */ = {isa = PBXFileReference; lastKnownFileType = sourcecode.swift; path = ModelMain.swift; sourceTree = "<group>"; };
		263EF6942B2F599100214E6A /* EditProfileFieldsView.swift */ = {isa = PBXFileReference; lastKnownFileType = sourcecode.swift; path = EditProfileFieldsView.swift; sourceTree = "<group>"; };
		263EF6962B2F76B100214E6A /* EditProfileFieldsModelView.swift */ = {isa = PBXFileReference; lastKnownFileType = sourcecode.swift; path = EditProfileFieldsModelView.swift; sourceTree = "<group>"; };
		2647E5952B3474BE00D8E6BC /* LocationManager.swift */ = {isa = PBXFileReference; lastKnownFileType = sourcecode.swift; path = LocationManager.swift; sourceTree = "<group>"; };
		2647E5972B348C7700D8E6BC /* DetailedNFTModelView.swift */ = {isa = PBXFileReference; lastKnownFileType = sourcecode.swift; path = DetailedNFTModelView.swift; sourceTree = "<group>"; };
		2648829A2B0B8E9800CFE6CD /* animacionO.dae */ = {isa = PBXFileReference; lastKnownFileType = text.xml.dae; path = animacionO.dae; sourceTree = "<group>"; };
		2648B6802ADFBCAB00CCE4AE /* FeedComponentView.swift */ = {isa = PBXFileReference; lastKnownFileType = sourcecode.swift; path = FeedComponentView.swift; sourceTree = "<group>"; };
		2648B6822ADFC42900CCE4AE /* FeedView.swift */ = {isa = PBXFileReference; lastKnownFileType = sourcecode.swift; path = FeedView.swift; sourceTree = "<group>"; };
		265B8BA72AEFE2F20017DD36 /* ProfileFilters.swift */ = {isa = PBXFileReference; lastKnownFileType = sourcecode.swift; path = ProfileFilters.swift; sourceTree = "<group>"; };
		265C4DB22AED6A0300A7B018 /* InputField.swift */ = {isa = PBXFileReference; lastKnownFileType = sourcecode.swift; path = InputField.swift; sourceTree = "<group>"; };
		265C4DB62AED751400A7B018 /* ProfilePreview.swift */ = {isa = PBXFileReference; lastKnownFileType = sourcecode.swift; path = ProfilePreview.swift; sourceTree = "<group>"; };
		266309992B373E030026EA86 /* SelfUserProfileModelView.swift */ = {isa = PBXFileReference; lastKnownFileType = sourcecode.swift; path = SelfUserProfileModelView.swift; sourceTree = "<group>"; };
		2663099C2B3742440026EA86 /* WalletModelView.swift */ = {isa = PBXFileReference; lastKnownFileType = sourcecode.swift; path = WalletModelView.swift; sourceTree = "<group>"; };
		266360D52B2B18D7007D8D17 /* SelfUserProfileView.swift */ = {isa = PBXFileReference; lastKnownFileType = sourcecode.swift; path = SelfUserProfileView.swift; sourceTree = "<group>"; };
		2669AB962B32F2110099290A /* ContentModelView.swift */ = {isa = PBXFileReference; lastKnownFileType = sourcecode.swift; path = ContentModelView.swift; sourceTree = "<group>"; };
		2669AB982B33134B0099290A /* FeedModelView.swift */ = {isa = PBXFileReference; lastKnownFileType = sourcecode.swift; path = FeedModelView.swift; sourceTree = "<group>"; };
		2674F8232AF81AEC00379308 /* RegisterLoginModelView.swift */ = {isa = PBXFileReference; lastKnownFileType = sourcecode.swift; path = RegisterLoginModelView.swift; sourceTree = "<group>"; };
		268C89F92AFC4D6600581819 /* ProfileConfModelView.swift */ = {isa = PBXFileReference; lastKnownFileType = sourcecode.swift; path = ProfileConfModelView.swift; sourceTree = "<group>"; };
		269FA1422AE6897F00B3D20E /* NavigationBarView.swift */ = {isa = PBXFileReference; fileEncoding = 4; lastKnownFileType = sourcecode.swift; path = NavigationBarView.swift; sourceTree = "<group>"; };
		269FA1462AE68FCA00B3D20E /* ExploreView.swift */ = {isa = PBXFileReference; lastKnownFileType = sourcecode.swift; path = ExploreView.swift; sourceTree = "<group>"; };
		269FA1482AE68FE800B3D20E /* Profile&ConfView.swift */ = {isa = PBXFileReference; lastKnownFileType = sourcecode.swift; path = "Profile&ConfView.swift"; sourceTree = "<group>"; };
		269FA14A2AE6B45E00B3D20E /* WalletView.swift */ = {isa = PBXFileReference; lastKnownFileType = sourcecode.swift; path = WalletView.swift; sourceTree = "<group>"; };
		269FA14D2AE6B6E300B3D20E /* WalletDescr.swift */ = {isa = PBXFileReference; lastKnownFileType = sourcecode.swift; path = WalletDescr.swift; sourceTree = "<group>"; };
		26B965C82AE809D700712EB3 /* WalletInfoView.swift */ = {isa = PBXFileReference; lastKnownFileType = sourcecode.swift; path = WalletInfoView.swift; sourceTree = "<group>"; };
		26BC4A492AEAC44E0029A623 /* DetailedNftView.swift */ = {isa = PBXFileReference; lastKnownFileType = sourcecode.swift; path = DetailedNftView.swift; sourceTree = "<group>"; };
		26C4C72A2B35A3D400CCFE53 /* MyNFTsView.swift */ = {isa = PBXFileReference; lastKnownFileType = sourcecode.swift; path = MyNFTsView.swift; sourceTree = "<group>"; };
		26C4C72C2B3602EE00CCFE53 /* MyNFTsModelView.swift */ = {isa = PBXFileReference; lastKnownFileType = sourcecode.swift; path = MyNFTsModelView.swift; sourceTree = "<group>"; };
		26CA1BCD2AEEDC1C00E4EAC9 /* DetailedProfileView.swift */ = {isa = PBXFileReference; lastKnownFileType = sourcecode.swift; path = DetailedProfileView.swift; sourceTree = "<group>"; };
		26DF2A5F2AFAB2C900C49CD6 /* ConfirmCodeSignUpView.swift */ = {isa = PBXFileReference; lastKnownFileType = sourcecode.swift; path = ConfirmCodeSignUpView.swift; sourceTree = "<group>"; };
		26DF2A612AFC03A200C49CD6 /* ConfirmSignUpModelView.swift */ = {isa = PBXFileReference; lastKnownFileType = sourcecode.swift; path = ConfirmSignUpModelView.swift; sourceTree = "<group>"; };
		26EE64672B10D2F800B2A60F /* DetailedProfileModelView.swift */ = {isa = PBXFileReference; lastKnownFileType = sourcecode.swift; path = DetailedProfileModelView.swift; sourceTree = "<group>"; };
		26FC7A672B2D20A400B87B8B /* ExploreModelView.swift */ = {isa = PBXFileReference; lastKnownFileType = sourcecode.swift; path = ExploreModelView.swift; sourceTree = "<group>"; };
		3D3644A5AC80DED4DFE5F1AF /* User.swift */ = {isa = PBXFileReference; explicitFileType = sourcecode.swift; name = User.swift; path = amplify/generated/models/User.swift; sourceTree = "<group>"; };
		445AACCEAFCB9B0816182CF8 /* amplifyconfiguration.json */ = {isa = PBXFileReference; explicitFileType = text.json; path = amplifyconfiguration.json; sourceTree = "<group>"; };
		6774546E4676321469B96C41 /* AmplifyModels.swift */ = {isa = PBXFileReference; explicitFileType = sourcecode.swift; name = AmplifyModels.swift; path = amplify/generated/models/AmplifyModels.swift; sourceTree = "<group>"; };
		7C40A8BF28DE8BC8D7AAADEE /* GeoGraphicalData+Schema.swift */ = {isa = PBXFileReference; explicitFileType = sourcecode.swift; name = "GeoGraphicalData+Schema.swift"; path = "amplify/generated/models/GeoGraphicalData+Schema.swift"; sourceTree = "<group>"; };
		9442C652BB183F450FB798C9 /* GeoGraphicalData.swift */ = {isa = PBXFileReference; explicitFileType = sourcecode.swift; name = GeoGraphicalData.swift; path = amplify/generated/models/GeoGraphicalData.swift; sourceTree = "<group>"; };
		CAE3E62E7037DC14600E093A /* awsconfiguration.json */ = {isa = PBXFileReference; explicitFileType = text.json; path = awsconfiguration.json; sourceTree = "<group>"; };
		F01C8B168B8E908161B9B3C3 /* Post.swift */ = {isa = PBXFileReference; explicitFileType = sourcecode.swift; name = Post.swift; path = amplify/generated/models/Post.swift; sourceTree = "<group>"; };
/* End PBXFileReference section */

/* Begin PBXFrameworksBuildPhase section */
		260E22372ADD4D0500526F9F /* Frameworks */ = {
			isa = PBXFrameworksBuildPhase;
			buildActionMask = 2147483647;
			files = (
				2647E57D2B344AAC00D8E6BC /* AWSAPIPlugin in Frameworks */,
				2647E5872B344AAC00D8E6BC /* AWSPinpointAnalyticsPlugin in Frameworks */,
				2647E5852B344AAC00D8E6BC /* AWSLocationGeoPlugin in Frameworks */,
				2647E57F2B344AAC00D8E6BC /* AWSCloudWatchLoggingPlugin in Frameworks */,
				2647E5912B344AAC00D8E6BC /* Amplify in Frameworks */,
				2647E58D2B344AAC00D8E6BC /* AWSPredictionsPlugin in Frameworks */,
				2647E58F2B344AAC00D8E6BC /* AWSS3StoragePlugin in Frameworks */,
				2647E58B2B344AAC00D8E6BC /* AWSPluginsCore in Frameworks */,
				2647E5932B344AAC00D8E6BC /* CoreMLPredictionsPlugin in Frameworks */,
				2647E5812B344AAC00D8E6BC /* AWSCognitoAuthPlugin in Frameworks */,
				2647E5892B344AAC00D8E6BC /* AWSPinpointPushNotificationsPlugin in Frameworks */,
				2647E5832B344AAC00D8E6BC /* AWSDataStorePlugin in Frameworks */,
			);
			runOnlyForDeploymentPostprocessing = 0;
		};
		260E22472ADD4D0700526F9F /* Frameworks */ = {
			isa = PBXFrameworksBuildPhase;
			buildActionMask = 2147483647;
			files = (
			);
			runOnlyForDeploymentPostprocessing = 0;
		};
		260E22512ADD4D0700526F9F /* Frameworks */ = {
			isa = PBXFrameworksBuildPhase;
			buildActionMask = 2147483647;
			files = (
			);
			runOnlyForDeploymentPostprocessing = 0;
		};
/* End PBXFrameworksBuildPhase section */

/* Begin PBXGroup section */
		0DF25EA7BDF7CD47DFAB2BA3 /* AmplifyModels */ = {
			isa = PBXGroup;
			children = (
				6774546E4676321469B96C41 /* AmplifyModels.swift */,
				7C40A8BF28DE8BC8D7AAADEE /* GeoGraphicalData+Schema.swift */,
				9442C652BB183F450FB798C9 /* GeoGraphicalData.swift */,
				1CD4C4E1AA56C72B7FFA0254 /* Post+Schema.swift */,
				F01C8B168B8E908161B9B3C3 /* Post.swift */,
				07FE7F1E2BFA914E2FCF86E4 /* PostStatus.swift */,
				21FEFEE9F6E97BD9000404DA /* User+Schema.swift */,
				3D3644A5AC80DED4DFE5F1AF /* User.swift */,
			);
			name = AmplifyModels;
			sourceTree = "<group>";
		};
		260E22312ADD4D0500526F9F = {
			isa = PBXGroup;
			children = (
				2648829A2B0B8E9800CFE6CD /* animacionO.dae */,
				260E223C2ADD4D0500526F9F /* iosApp */,
				260E224D2ADD4D0700526F9F /* iosAppTests */,
				260E22572ADD4D0700526F9F /* iosAppUITests */,
				260E223B2ADD4D0500526F9F /* Products */,
				E9F3D9196C966E2FFA25C79D /* AmplifyConfig */,
				0DF25EA7BDF7CD47DFAB2BA3 /* AmplifyModels */,
			);
			sourceTree = "<group>";
		};
		260E223B2ADD4D0500526F9F /* Products */ = {
			isa = PBXGroup;
			children = (
				260E223A2ADD4D0500526F9F /* iosApp.app */,
				260E224A2ADD4D0700526F9F /* iosAppTests.xctest */,
				260E22542ADD4D0700526F9F /* iosAppUITests.xctest */,
			);
			name = Products;
			sourceTree = "<group>";
		};
		260E223C2ADD4D0500526F9F /* iosApp */ = {
			isa = PBXGroup;
			children = (
				2647E5942B34749A00D8E6BC /* Managers */,
				26176B332AF94CAC002C050F /* Domain */,
				26176B302AF94581002C050F /* Model */,
				2674F8212AF819AC00379308 /* ModelViews */,
				2648B67F2ADFBC8100CCE4AE /* Components */,
				260E22692ADD534100526F9F /* User Interfaces */,
				260E223D2ADD4D0500526F9F /* iosApp.swift */,
				260E223F2ADD4D0500526F9F /* ContentView.swift */,
				260E22412ADD4D0700526F9F /* Assets.xcassets */,
				260E22432ADD4D0700526F9F /* Preview Content */,
			);
			path = iosApp;
			sourceTree = "<group>";
		};
		260E22432ADD4D0700526F9F /* Preview Content */ = {
			isa = PBXGroup;
			children = (
				260E22442ADD4D0700526F9F /* Preview Assets.xcassets */,
			);
			path = "Preview Content";
			sourceTree = "<group>";
		};
		260E224D2ADD4D0700526F9F /* iosAppTests */ = {
			isa = PBXGroup;
			children = (
				260E224E2ADD4D0700526F9F /* iosAppTests.swift */,
			);
			path = iosAppTests;
			sourceTree = "<group>";
		};
		260E22572ADD4D0700526F9F /* iosAppUITests */ = {
			isa = PBXGroup;
			children = (
				260E22582ADD4D0700526F9F /* iosAppUITests.swift */,
				260E225A2ADD4D0700526F9F /* iosAppUITestsLaunchTests.swift */,
			);
			path = iosAppUITests;
			sourceTree = "<group>";
		};
		260E22692ADD534100526F9F /* User Interfaces */ = {
			isa = PBXGroup;
			children = (
				26CA1BCC2AEEDC0000E4EAC9 /* DetailedProfileView */,
				266360D42B2B18B1007D8D17 /* SelfUserProfile */,
				26B965C72AE809AD00712EB3 /* Wallet */,
				269FA1452AE68F9400B3D20E /* RegisterLogin */,
				269FA1442AE68F7200B3D20E /* Navigation */,
			);
			path = "User Interfaces";
			sourceTree = "<group>";
		};
		26176B302AF94581002C050F /* Model */ = {
			isa = PBXGroup;
			children = (
				26176B312AF94590002C050F /* ModelMain.swift */,
			);
			path = Model;
			sourceTree = "<group>";
		};
		26176B332AF94CAC002C050F /* Domain */ = {
			isa = PBXGroup;
			children = (
			);
			path = Domain;
			sourceTree = "<group>";
		};
		26176B352AF94D7D002C050F /* MainViews */ = {
			isa = PBXGroup;
			children = (
				2648B6822ADFC42900CCE4AE /* FeedView.swift */,
				269FA1422AE6897F00B3D20E /* NavigationBarView.swift */,
				269FA1462AE68FCA00B3D20E /* ExploreView.swift */,
				269FA1482AE68FE800B3D20E /* Profile&ConfView.swift */,
			);
			path = MainViews;
			sourceTree = "<group>";
		};
		2647E5942B34749A00D8E6BC /* Managers */ = {
			isa = PBXGroup;
			children = (
				2647E5952B3474BE00D8E6BC /* LocationManager.swift */,
			);
			path = Managers;
			sourceTree = "<group>";
		};
		2648B67F2ADFBC8100CCE4AE /* Components */ = {
			isa = PBXGroup;
			children = (
				2648B6802ADFBCAB00CCE4AE /* FeedComponentView.swift */,
				269FA14D2AE6B6E300B3D20E /* WalletDescr.swift */,
				265C4DB22AED6A0300A7B018 /* InputField.swift */,
				265C4DB62AED751400A7B018 /* ProfilePreview.swift */,
				265B8BA72AEFE2F20017DD36 /* ProfileFilters.swift */,
				26154E582AF6AB9300B3197F /* CheckBoxToggleView.swift */,
				26DF2A5F2AFAB2C900C49CD6 /* ConfirmCodeSignUpView.swift */,
				26048E8E2B039DC80095F6E1 /* PostPublishView.swift */,
				26048E902B03A4E90095F6E1 /* CustomTextEditorView.swift */,
			);
			path = Components;
			sourceTree = "<group>";
		};
		2663099B2B3742340026EA86 /* Wallet */ = {
			isa = PBXGroup;
			children = (
				2663099C2B3742440026EA86 /* WalletModelView.swift */,
			);
			path = Wallet;
			sourceTree = "<group>";
		};
		266360D42B2B18B1007D8D17 /* SelfUserProfile */ = {
			isa = PBXGroup;
			children = (
				266360D52B2B18D7007D8D17 /* SelfUserProfileView.swift */,
				26C4C72A2B35A3D400CCFE53 /* MyNFTsView.swift */,
			);
			path = SelfUserProfile;
			sourceTree = "<group>";
		};
		2669AB952B32F1F80099290A /* Navigation */ = {
			isa = PBXGroup;
			children = (
				26FC7A672B2D20A400B87B8B /* ExploreModelView.swift */,
				2669AB962B32F2110099290A /* ContentModelView.swift */,
				2669AB982B33134B0099290A /* FeedModelView.swift */,
			);
			path = Navigation;
			sourceTree = "<group>";
		};
		2674F8212AF819AC00379308 /* ModelViews */ = {
			isa = PBXGroup;
			children = (
				2663099B2B3742340026EA86 /* Wallet */,
				2669AB952B32F1F80099290A /* Navigation */,
				26EE64662B10D2CE00B2A60F /* DetailedProfile */,
				2674F8222AF81AC800379308 /* RegisterLogin */,
				260FB6B82B0F58280020651A /* PostPublishModelView.swift */,
				2647E5972B348C7700D8E6BC /* DetailedNFTModelView.swift */,
				266309992B373E030026EA86 /* SelfUserProfileModelView.swift */,
			);
			path = ModelViews;
			sourceTree = "<group>";
		};
		2674F8222AF81AC800379308 /* RegisterLogin */ = {
			isa = PBXGroup;
			children = (
				2674F8232AF81AEC00379308 /* RegisterLoginModelView.swift */,
				26DF2A612AFC03A200C49CD6 /* ConfirmSignUpModelView.swift */,
			);
			path = RegisterLogin;
			sourceTree = "<group>";
		};
		269FA1442AE68F7200B3D20E /* Navigation */ = {
			isa = PBXGroup;
			children = (
				26176B352AF94D7D002C050F /* MainViews */,
				26BC4A482AEAC4280029A623 /* DetailedNFTView */,
			);
			path = Navigation;
			sourceTree = "<group>";
		};
		269FA1452AE68F9400B3D20E /* RegisterLogin */ = {
			isa = PBXGroup;
			children = (
				260E226A2ADD538800526F9F /* RegisterLoginView.swift */,
			);
			path = RegisterLogin;
			sourceTree = "<group>";
		};
		26B965C72AE809AD00712EB3 /* Wallet */ = {
			isa = PBXGroup;
			children = (
				269FA14A2AE6B45E00B3D20E /* WalletView.swift */,
				26B965C82AE809D700712EB3 /* WalletInfoView.swift */,
			);
			path = Wallet;
			sourceTree = "<group>";
		};
		26BC4A482AEAC4280029A623 /* DetailedNFTView */ = {
			isa = PBXGroup;
			children = (
				26BC4A492AEAC44E0029A623 /* DetailedNftView.swift */,
			);
			path = DetailedNFTView;
			sourceTree = "<group>";
		};
		26CA1BCC2AEEDC0000E4EAC9 /* DetailedProfileView */ = {
			isa = PBXGroup;
			children = (
				26CA1BCD2AEEDC1C00E4EAC9 /* DetailedProfileView.swift */,
				263EF6942B2F599100214E6A /* EditProfileFieldsView.swift */,
			);
			path = DetailedProfileView;
			sourceTree = "<group>";
		};
		26EE64662B10D2CE00B2A60F /* DetailedProfile */ = {
			isa = PBXGroup;
			children = (
				268C89F92AFC4D6600581819 /* ProfileConfModelView.swift */,
				26EE64672B10D2F800B2A60F /* DetailedProfileModelView.swift */,
				263EF6962B2F76B100214E6A /* EditProfileFieldsModelView.swift */,
				26C4C72C2B3602EE00CCFE53 /* MyNFTsModelView.swift */,
			);
			path = DetailedProfile;
			sourceTree = "<group>";
		};
		E9F3D9196C966E2FFA25C79D /* AmplifyConfig */ = {
			isa = PBXGroup;
			children = (
				CAE3E62E7037DC14600E093A /* awsconfiguration.json */,
				445AACCEAFCB9B0816182CF8 /* amplifyconfiguration.json */,
			);
			name = AmplifyConfig;
			sourceTree = "<group>";
		};
/* End PBXGroup section */

/* Begin PBXNativeTarget section */
		260E22392ADD4D0500526F9F /* iosApp */ = {
			isa = PBXNativeTarget;
			buildConfigurationList = 260E225E2ADD4D0700526F9F /* Build configuration list for PBXNativeTarget "iosApp" */;
			buildPhases = (
				260E22362ADD4D0500526F9F /* Sources */,
				260E22372ADD4D0500526F9F /* Frameworks */,
				260E22382ADD4D0500526F9F /* Resources */,
			);
			buildRules = (
			);
			dependencies = (
			);
			name = iosApp;
			packageProductDependencies = (
				2647E57C2B344AAC00D8E6BC /* AWSAPIPlugin */,
				2647E57E2B344AAC00D8E6BC /* AWSCloudWatchLoggingPlugin */,
				2647E5802B344AAC00D8E6BC /* AWSCognitoAuthPlugin */,
				2647E5822B344AAC00D8E6BC /* AWSDataStorePlugin */,
				2647E5842B344AAC00D8E6BC /* AWSLocationGeoPlugin */,
				2647E5862B344AAC00D8E6BC /* AWSPinpointAnalyticsPlugin */,
				2647E5882B344AAC00D8E6BC /* AWSPinpointPushNotificationsPlugin */,
				2647E58A2B344AAC00D8E6BC /* AWSPluginsCore */,
				2647E58C2B344AAC00D8E6BC /* AWSPredictionsPlugin */,
				2647E58E2B344AAC00D8E6BC /* AWSS3StoragePlugin */,
				2647E5902B344AAC00D8E6BC /* Amplify */,
				2647E5922B344AAC00D8E6BC /* CoreMLPredictionsPlugin */,
			);
			productName = iosApp;
			productReference = 260E223A2ADD4D0500526F9F /* iosApp.app */;
			productType = "com.apple.product-type.application";
		};
		260E22492ADD4D0700526F9F /* iosAppTests */ = {
			isa = PBXNativeTarget;
			buildConfigurationList = 260E22612ADD4D0700526F9F /* Build configuration list for PBXNativeTarget "iosAppTests" */;
			buildPhases = (
				260E22462ADD4D0700526F9F /* Sources */,
				260E22472ADD4D0700526F9F /* Frameworks */,
				260E22482ADD4D0700526F9F /* Resources */,
			);
			buildRules = (
			);
			dependencies = (
				260E224C2ADD4D0700526F9F /* PBXTargetDependency */,
			);
			name = iosAppTests;
			productName = iosAppTests;
			productReference = 260E224A2ADD4D0700526F9F /* iosAppTests.xctest */;
			productType = "com.apple.product-type.bundle.unit-test";
		};
		260E22532ADD4D0700526F9F /* iosAppUITests */ = {
			isa = PBXNativeTarget;
			buildConfigurationList = 260E22642ADD4D0700526F9F /* Build configuration list for PBXNativeTarget "iosAppUITests" */;
			buildPhases = (
				260E22502ADD4D0700526F9F /* Sources */,
				260E22512ADD4D0700526F9F /* Frameworks */,
				260E22522ADD4D0700526F9F /* Resources */,
			);
			buildRules = (
			);
			dependencies = (
				260E22562ADD4D0700526F9F /* PBXTargetDependency */,
			);
			name = iosAppUITests;
			productName = iosAppUITests;
			productReference = 260E22542ADD4D0700526F9F /* iosAppUITests.xctest */;
			productType = "com.apple.product-type.bundle.ui-testing";
		};
/* End PBXNativeTarget section */

/* Begin PBXProject section */
		260E22322ADD4D0500526F9F /* Project object */ = {
			isa = PBXProject;
			attributes = {
				BuildIndependentTargetsInParallel = 1;
				LastSwiftUpdateCheck = 1500;
				LastUpgradeCheck = 1500;
				TargetAttributes = {
					260E22392ADD4D0500526F9F = {
						CreatedOnToolsVersion = 15.0;
					};
					260E22492ADD4D0700526F9F = {
						CreatedOnToolsVersion = 15.0;
						TestTargetID = 260E22392ADD4D0500526F9F;
					};
					260E22532ADD4D0700526F9F = {
						CreatedOnToolsVersion = 15.0;
						TestTargetID = 260E22392ADD4D0500526F9F;
					};
				};
			};
			buildConfigurationList = 260E22352ADD4D0500526F9F /* Build configuration list for PBXProject "iosApp" */;
			compatibilityVersion = "Xcode 14.0";
			developmentRegion = en;
			hasScannedForEncodings = 0;
			knownRegions = (
				en,
				Base,
			);
			mainGroup = 260E22312ADD4D0500526F9F;
			packageReferences = (
				26C6FB662AFA8D400037B677 /* XCRemoteSwiftPackageReference "amplify-swift" */,
			);
			productRefGroup = 260E223B2ADD4D0500526F9F /* Products */;
			projectDirPath = "";
			projectRoot = "";
			targets = (
				260E22392ADD4D0500526F9F /* iosApp */,
				260E22492ADD4D0700526F9F /* iosAppTests */,
				260E22532ADD4D0700526F9F /* iosAppUITests */,
			);
		};
/* End PBXProject section */

/* Begin PBXResourcesBuildPhase section */
		260E22382ADD4D0500526F9F /* Resources */ = {
			isa = PBXResourcesBuildPhase;
			buildActionMask = 2147483647;
			files = (
				2648829B2B0B8E9800CFE6CD /* animacionO.dae in Resources */,
				260E22452ADD4D0700526F9F /* Preview Assets.xcassets in Resources */,
				260E22422ADD4D0700526F9F /* Assets.xcassets in Resources */,
				583BF6277C8054D992ED8C47 /* awsconfiguration.json in Resources */,
				A0DA95CE1A1FDFDA11729B07 /* amplifyconfiguration.json in Resources */,
			);
			runOnlyForDeploymentPostprocessing = 0;
		};
		260E22482ADD4D0700526F9F /* Resources */ = {
			isa = PBXResourcesBuildPhase;
			buildActionMask = 2147483647;
			files = (
			);
			runOnlyForDeploymentPostprocessing = 0;
		};
		260E22522ADD4D0700526F9F /* Resources */ = {
			isa = PBXResourcesBuildPhase;
			buildActionMask = 2147483647;
			files = (
			);
			runOnlyForDeploymentPostprocessing = 0;
		};
/* End PBXResourcesBuildPhase section */

/* Begin PBXSourcesBuildPhase section */
		260E22362ADD4D0500526F9F /* Sources */ = {
			isa = PBXSourcesBuildPhase;
			buildActionMask = 2147483647;
			files = (
				265C4DB32AED6A0300A7B018 /* InputField.swift in Sources */,
				269FA14B2AE6B45E00B3D20E /* WalletView.swift in Sources */,
				269FA1492AE68FE800B3D20E /* Profile&ConfView.swift in Sources */,
				2648B6832ADFC42900CCE4AE /* FeedView.swift in Sources */,
				263EF6972B2F76B100214E6A /* EditProfileFieldsModelView.swift in Sources */,
				26EE64682B10D2F800B2A60F /* DetailedProfileModelView.swift in Sources */,
				2663099A2B373E030026EA86 /* SelfUserProfileModelView.swift in Sources */,
				26DF2A602AFAB2C900C49CD6 /* ConfirmCodeSignUpView.swift in Sources */,
				266360D62B2B18D7007D8D17 /* SelfUserProfileView.swift in Sources */,
				26CA1BCE2AEEDC1C00E4EAC9 /* DetailedProfileView.swift in Sources */,
				2647E5982B348C7700D8E6BC /* DetailedNFTModelView.swift in Sources */,
				265C4DB72AED751400A7B018 /* ProfilePreview.swift in Sources */,
				2674F8242AF81AEC00379308 /* RegisterLoginModelView.swift in Sources */,
				2663099D2B3742440026EA86 /* WalletModelView.swift in Sources */,
				2648B6812ADFBCAB00CCE4AE /* FeedComponentView.swift in Sources */,
				26C4C72D2B3602EF00CCFE53 /* MyNFTsModelView.swift in Sources */,
				260E226B2ADD538800526F9F /* RegisterLoginView.swift in Sources */,
				268C89FA2AFC4D6600581819 /* ProfileConfModelView.swift in Sources */,
				269FA1432AE6897F00B3D20E /* NavigationBarView.swift in Sources */,
				265B8BA82AEFE2F20017DD36 /* ProfileFilters.swift in Sources */,
				260E22402ADD4D0500526F9F /* ContentView.swift in Sources */,
				26B965C92AE809D800712EB3 /* WalletInfoView.swift in Sources */,
				26154E592AF6AB9300B3197F /* CheckBoxToggleView.swift in Sources */,
				269FA1472AE68FCA00B3D20E /* ExploreView.swift in Sources */,
				260E223E2ADD4D0500526F9F /* iosApp.swift in Sources */,
				26176B322AF94590002C050F /* ModelMain.swift in Sources */,
				2669AB972B32F2110099290A /* ContentModelView.swift in Sources */,
				269FA14E2AE6B6E300B3D20E /* WalletDescr.swift in Sources */,
				263EF6952B2F599100214E6A /* EditProfileFieldsView.swift in Sources */,
				2647E5962B3474BE00D8E6BC /* LocationManager.swift in Sources */,
				26BC4A4A2AEAC44E0029A623 /* DetailedNftView.swift in Sources */,
				26048E8F2B039DC80095F6E1 /* PostPublishView.swift in Sources */,
				26FC7A682B2D20A400B87B8B /* ExploreModelView.swift in Sources */,
				26DF2A622AFC03A200C49CD6 /* ConfirmSignUpModelView.swift in Sources */,
				26048E912B03A4E90095F6E1 /* CustomTextEditorView.swift in Sources */,
				260FB6B92B0F58290020651A /* PostPublishModelView.swift in Sources */,
				F51D72A3D6E67E8A90010A5B /* AmplifyModels.swift in Sources */,
				26C4C72B2B35A3D400CCFE53 /* MyNFTsView.swift in Sources */,
				6D883EE66C1CEEA55830C2FD /* GeoGraphicalData+Schema.swift in Sources */,
				75B5E45F66B4852C73E663C2 /* GeoGraphicalData.swift in Sources */,
				8B5C48125C00613E51884770 /* Post+Schema.swift in Sources */,
				C8439CAB4E41D6F28F47DBA1 /* Post.swift in Sources */,
				C196C583834597B7779956C9 /* PostStatus.swift in Sources */,
				77B831379A6CAB1B959A355A /* User+Schema.swift in Sources */,
				2669AB992B33134B0099290A /* FeedModelView.swift in Sources */,
				AC56E181C02B34C910F3DB91 /* User.swift in Sources */,
			);
			runOnlyForDeploymentPostprocessing = 0;
		};
		260E22462ADD4D0700526F9F /* Sources */ = {
			isa = PBXSourcesBuildPhase;
			buildActionMask = 2147483647;
			files = (
				260E224F2ADD4D0700526F9F /* iosAppTests.swift in Sources */,
			);
			runOnlyForDeploymentPostprocessing = 0;
		};
		260E22502ADD4D0700526F9F /* Sources */ = {
			isa = PBXSourcesBuildPhase;
			buildActionMask = 2147483647;
			files = (
				260E225B2ADD4D0700526F9F /* iosAppUITestsLaunchTests.swift in Sources */,
				260E22592ADD4D0700526F9F /* iosAppUITests.swift in Sources */,
			);
			runOnlyForDeploymentPostprocessing = 0;
		};
/* End PBXSourcesBuildPhase section */

/* Begin PBXTargetDependency section */
		260E224C2ADD4D0700526F9F /* PBXTargetDependency */ = {
			isa = PBXTargetDependency;
			target = 260E22392ADD4D0500526F9F /* iosApp */;
			targetProxy = 260E224B2ADD4D0700526F9F /* PBXContainerItemProxy */;
		};
		260E22562ADD4D0700526F9F /* PBXTargetDependency */ = {
			isa = PBXTargetDependency;
			target = 260E22392ADD4D0500526F9F /* iosApp */;
			targetProxy = 260E22552ADD4D0700526F9F /* PBXContainerItemProxy */;
		};
/* End PBXTargetDependency section */

/* Begin XCBuildConfiguration section */
		260E225C2ADD4D0700526F9F /* Debug */ = {
			isa = XCBuildConfiguration;
			buildSettings = {
				ALWAYS_SEARCH_USER_PATHS = NO;
				ASSETCATALOG_COMPILER_GENERATE_SWIFT_ASSET_SYMBOL_EXTENSIONS = YES;
				CLANG_ANALYZER_NONNULL = YES;
				CLANG_ANALYZER_NUMBER_OBJECT_CONVERSION = YES_AGGRESSIVE;
				CLANG_CXX_LANGUAGE_STANDARD = "gnu++20";
				CLANG_ENABLE_MODULES = YES;
				CLANG_ENABLE_OBJC_ARC = YES;
				CLANG_ENABLE_OBJC_WEAK = YES;
				CLANG_WARN_BLOCK_CAPTURE_AUTORELEASING = YES;
				CLANG_WARN_BOOL_CONVERSION = YES;
				CLANG_WARN_COMMA = YES;
				CLANG_WARN_CONSTANT_CONVERSION = YES;
				CLANG_WARN_DEPRECATED_OBJC_IMPLEMENTATIONS = YES;
				CLANG_WARN_DIRECT_OBJC_ISA_USAGE = YES_ERROR;
				CLANG_WARN_DOCUMENTATION_COMMENTS = YES;
				CLANG_WARN_EMPTY_BODY = YES;
				CLANG_WARN_ENUM_CONVERSION = YES;
				CLANG_WARN_INFINITE_RECURSION = YES;
				CLANG_WARN_INT_CONVERSION = YES;
				CLANG_WARN_NON_LITERAL_NULL_CONVERSION = YES;
				CLANG_WARN_OBJC_IMPLICIT_RETAIN_SELF = YES;
				CLANG_WARN_OBJC_LITERAL_CONVERSION = YES;
				CLANG_WARN_OBJC_ROOT_CLASS = YES_ERROR;
				CLANG_WARN_QUOTED_INCLUDE_IN_FRAMEWORK_HEADER = YES;
				CLANG_WARN_RANGE_LOOP_ANALYSIS = YES;
				CLANG_WARN_STRICT_PROTOTYPES = YES;
				CLANG_WARN_SUSPICIOUS_MOVE = YES;
				CLANG_WARN_UNGUARDED_AVAILABILITY = YES_AGGRESSIVE;
				CLANG_WARN_UNREACHABLE_CODE = YES;
				CLANG_WARN__DUPLICATE_METHOD_MATCH = YES;
				COPY_PHASE_STRIP = NO;
				DEBUG_INFORMATION_FORMAT = dwarf;
				ENABLE_STRICT_OBJC_MSGSEND = YES;
				ENABLE_TESTABILITY = YES;
				ENABLE_USER_SCRIPT_SANDBOXING = YES;
				GCC_C_LANGUAGE_STANDARD = gnu17;
				GCC_DYNAMIC_NO_PIC = NO;
				GCC_NO_COMMON_BLOCKS = YES;
				GCC_OPTIMIZATION_LEVEL = 0;
				GCC_PREPROCESSOR_DEFINITIONS = (
					"DEBUG=1",
					"$(inherited)",
				);
				GCC_WARN_64_TO_32_BIT_CONVERSION = YES;
				GCC_WARN_ABOUT_RETURN_TYPE = YES_ERROR;
				GCC_WARN_UNDECLARED_SELECTOR = YES;
				GCC_WARN_UNINITIALIZED_AUTOS = YES_AGGRESSIVE;
				GCC_WARN_UNUSED_FUNCTION = YES;
				GCC_WARN_UNUSED_VARIABLE = YES;
				IPHONEOS_DEPLOYMENT_TARGET = 17.0;
				LOCALIZATION_PREFERS_STRING_CATALOGS = YES;
				MTL_ENABLE_DEBUG_INFO = INCLUDE_SOURCE;
				MTL_FAST_MATH = YES;
				ONLY_ACTIVE_ARCH = YES;
				SDKROOT = iphoneos;
				SWIFT_ACTIVE_COMPILATION_CONDITIONS = "DEBUG $(inherited)";
				SWIFT_OPTIMIZATION_LEVEL = "-Onone";
			};
			name = Debug;
		};
		260E225D2ADD4D0700526F9F /* Release */ = {
			isa = XCBuildConfiguration;
			buildSettings = {
				ALWAYS_SEARCH_USER_PATHS = NO;
				ASSETCATALOG_COMPILER_GENERATE_SWIFT_ASSET_SYMBOL_EXTENSIONS = YES;
				CLANG_ANALYZER_NONNULL = YES;
				CLANG_ANALYZER_NUMBER_OBJECT_CONVERSION = YES_AGGRESSIVE;
				CLANG_CXX_LANGUAGE_STANDARD = "gnu++20";
				CLANG_ENABLE_MODULES = YES;
				CLANG_ENABLE_OBJC_ARC = YES;
				CLANG_ENABLE_OBJC_WEAK = YES;
				CLANG_WARN_BLOCK_CAPTURE_AUTORELEASING = YES;
				CLANG_WARN_BOOL_CONVERSION = YES;
				CLANG_WARN_COMMA = YES;
				CLANG_WARN_CONSTANT_CONVERSION = YES;
				CLANG_WARN_DEPRECATED_OBJC_IMPLEMENTATIONS = YES;
				CLANG_WARN_DIRECT_OBJC_ISA_USAGE = YES_ERROR;
				CLANG_WARN_DOCUMENTATION_COMMENTS = YES;
				CLANG_WARN_EMPTY_BODY = YES;
				CLANG_WARN_ENUM_CONVERSION = YES;
				CLANG_WARN_INFINITE_RECURSION = YES;
				CLANG_WARN_INT_CONVERSION = YES;
				CLANG_WARN_NON_LITERAL_NULL_CONVERSION = YES;
				CLANG_WARN_OBJC_IMPLICIT_RETAIN_SELF = YES;
				CLANG_WARN_OBJC_LITERAL_CONVERSION = YES;
				CLANG_WARN_OBJC_ROOT_CLASS = YES_ERROR;
				CLANG_WARN_QUOTED_INCLUDE_IN_FRAMEWORK_HEADER = YES;
				CLANG_WARN_RANGE_LOOP_ANALYSIS = YES;
				CLANG_WARN_STRICT_PROTOTYPES = YES;
				CLANG_WARN_SUSPICIOUS_MOVE = YES;
				CLANG_WARN_UNGUARDED_AVAILABILITY = YES_AGGRESSIVE;
				CLANG_WARN_UNREACHABLE_CODE = YES;
				CLANG_WARN__DUPLICATE_METHOD_MATCH = YES;
				COPY_PHASE_STRIP = NO;
				DEBUG_INFORMATION_FORMAT = "dwarf-with-dsym";
				ENABLE_NS_ASSERTIONS = NO;
				ENABLE_STRICT_OBJC_MSGSEND = YES;
				ENABLE_USER_SCRIPT_SANDBOXING = YES;
				GCC_C_LANGUAGE_STANDARD = gnu17;
				GCC_NO_COMMON_BLOCKS = YES;
				GCC_WARN_64_TO_32_BIT_CONVERSION = YES;
				GCC_WARN_ABOUT_RETURN_TYPE = YES_ERROR;
				GCC_WARN_UNDECLARED_SELECTOR = YES;
				GCC_WARN_UNINITIALIZED_AUTOS = YES_AGGRESSIVE;
				GCC_WARN_UNUSED_FUNCTION = YES;
				GCC_WARN_UNUSED_VARIABLE = YES;
				IPHONEOS_DEPLOYMENT_TARGET = 17.0;
				LOCALIZATION_PREFERS_STRING_CATALOGS = YES;
				MTL_ENABLE_DEBUG_INFO = NO;
				MTL_FAST_MATH = YES;
				SDKROOT = iphoneos;
				SWIFT_COMPILATION_MODE = wholemodule;
				VALIDATE_PRODUCT = YES;
			};
			name = Release;
		};
		260E225F2ADD4D0700526F9F /* Debug */ = {
			isa = XCBuildConfiguration;
			buildSettings = {
				ASSETCATALOG_COMPILER_APPICON_NAME = AppIcon;
				ASSETCATALOG_COMPILER_GLOBAL_ACCENT_COLOR_NAME = AccentColor;
				CODE_SIGN_STYLE = Automatic;
				CURRENT_PROJECT_VERSION = 1;
				DEVELOPMENT_ASSET_PATHS = "\"iosApp/Preview Content\"";
				ENABLE_PREVIEWS = YES;
				GENERATE_INFOPLIST_FILE = YES;
				INFOPLIST_KEY_NSLocationWhenInUseUsageDescription = "Please allow the location for a complete experience!";
				INFOPLIST_KEY_UIApplicationSceneManifest_Generation = YES;
				INFOPLIST_KEY_UIApplicationSupportsIndirectInputEvents = YES;
				INFOPLIST_KEY_UILaunchScreen_Generation = YES;
				INFOPLIST_KEY_UISupportedInterfaceOrientations_iPad = "UIInterfaceOrientationPortrait UIInterfaceOrientationPortraitUpsideDown UIInterfaceOrientationLandscapeLeft UIInterfaceOrientationLandscapeRight";
				INFOPLIST_KEY_UISupportedInterfaceOrientations_iPhone = "UIInterfaceOrientationPortrait UIInterfaceOrientationLandscapeLeft UIInterfaceOrientationLandscapeRight";
				LD_RUNPATH_SEARCH_PATHS = (
					"$(inherited)",
					"@executable_path/Frameworks",
				);
				MARKETING_VERSION = 1.0;
				PRODUCT_BUNDLE_IDENTIFIER = Abdu.iosApp;
				PRODUCT_NAME = "$(TARGET_NAME)";
				SWIFT_EMIT_LOC_STRINGS = YES;
				SWIFT_VERSION = 5.0;
				TARGETED_DEVICE_FAMILY = "1,2";
			};
			name = Debug;
		};
		260E22602ADD4D0700526F9F /* Release */ = {
			isa = XCBuildConfiguration;
			buildSettings = {
				ASSETCATALOG_COMPILER_APPICON_NAME = AppIcon;
				ASSETCATALOG_COMPILER_GLOBAL_ACCENT_COLOR_NAME = AccentColor;
				CODE_SIGN_STYLE = Automatic;
				CURRENT_PROJECT_VERSION = 1;
				DEVELOPMENT_ASSET_PATHS = "\"iosApp/Preview Content\"";
				ENABLE_PREVIEWS = YES;
				GENERATE_INFOPLIST_FILE = YES;
				INFOPLIST_KEY_NSLocationWhenInUseUsageDescription = "Please allow the location for a complete experience!";
				INFOPLIST_KEY_UIApplicationSceneManifest_Generation = YES;
				INFOPLIST_KEY_UIApplicationSupportsIndirectInputEvents = YES;
				INFOPLIST_KEY_UILaunchScreen_Generation = YES;
				INFOPLIST_KEY_UISupportedInterfaceOrientations_iPad = "UIInterfaceOrientationPortrait UIInterfaceOrientationPortraitUpsideDown UIInterfaceOrientationLandscapeLeft UIInterfaceOrientationLandscapeRight";
				INFOPLIST_KEY_UISupportedInterfaceOrientations_iPhone = "UIInterfaceOrientationPortrait UIInterfaceOrientationLandscapeLeft UIInterfaceOrientationLandscapeRight";
				LD_RUNPATH_SEARCH_PATHS = (
					"$(inherited)",
					"@executable_path/Frameworks",
				);
				MARKETING_VERSION = 1.0;
				PRODUCT_BUNDLE_IDENTIFIER = Abdu.iosApp;
				PRODUCT_NAME = "$(TARGET_NAME)";
				SWIFT_EMIT_LOC_STRINGS = YES;
				SWIFT_VERSION = 5.0;
				TARGETED_DEVICE_FAMILY = "1,2";
			};
			name = Release;
		};
		260E22622ADD4D0700526F9F /* Debug */ = {
			isa = XCBuildConfiguration;
			buildSettings = {
				ALWAYS_EMBED_SWIFT_STANDARD_LIBRARIES = YES;
				BUNDLE_LOADER = "$(TEST_HOST)";
				CODE_SIGN_STYLE = Automatic;
				CURRENT_PROJECT_VERSION = 1;
				GENERATE_INFOPLIST_FILE = YES;
				IPHONEOS_DEPLOYMENT_TARGET = 17.0;
				MARKETING_VERSION = 1.0;
				PRODUCT_BUNDLE_IDENTIFIER = Abdu.iosAppTests;
				PRODUCT_NAME = "$(TARGET_NAME)";
				SWIFT_EMIT_LOC_STRINGS = NO;
				SWIFT_VERSION = 5.0;
				TARGETED_DEVICE_FAMILY = "1,2";
				TEST_HOST = "$(BUILT_PRODUCTS_DIR)/iosApp.app/$(BUNDLE_EXECUTABLE_FOLDER_PATH)/iosApp";
			};
			name = Debug;
		};
		260E22632ADD4D0700526F9F /* Release */ = {
			isa = XCBuildConfiguration;
			buildSettings = {
				ALWAYS_EMBED_SWIFT_STANDARD_LIBRARIES = YES;
				BUNDLE_LOADER = "$(TEST_HOST)";
				CODE_SIGN_STYLE = Automatic;
				CURRENT_PROJECT_VERSION = 1;
				GENERATE_INFOPLIST_FILE = YES;
				IPHONEOS_DEPLOYMENT_TARGET = 17.0;
				MARKETING_VERSION = 1.0;
				PRODUCT_BUNDLE_IDENTIFIER = Abdu.iosAppTests;
				PRODUCT_NAME = "$(TARGET_NAME)";
				SWIFT_EMIT_LOC_STRINGS = NO;
				SWIFT_VERSION = 5.0;
				TARGETED_DEVICE_FAMILY = "1,2";
				TEST_HOST = "$(BUILT_PRODUCTS_DIR)/iosApp.app/$(BUNDLE_EXECUTABLE_FOLDER_PATH)/iosApp";
			};
			name = Release;
		};
		260E22652ADD4D0700526F9F /* Debug */ = {
			isa = XCBuildConfiguration;
			buildSettings = {
				ALWAYS_EMBED_SWIFT_STANDARD_LIBRARIES = YES;
				CODE_SIGN_STYLE = Automatic;
				CURRENT_PROJECT_VERSION = 1;
				GENERATE_INFOPLIST_FILE = YES;
				MARKETING_VERSION = 1.0;
				PRODUCT_BUNDLE_IDENTIFIER = Abdu.iosAppUITests;
				PRODUCT_NAME = "$(TARGET_NAME)";
				SWIFT_EMIT_LOC_STRINGS = NO;
				SWIFT_VERSION = 5.0;
				TARGETED_DEVICE_FAMILY = "1,2";
				TEST_TARGET_NAME = iosApp;
			};
			name = Debug;
		};
		260E22662ADD4D0700526F9F /* Release */ = {
			isa = XCBuildConfiguration;
			buildSettings = {
				ALWAYS_EMBED_SWIFT_STANDARD_LIBRARIES = YES;
				CODE_SIGN_STYLE = Automatic;
				CURRENT_PROJECT_VERSION = 1;
				GENERATE_INFOPLIST_FILE = YES;
				MARKETING_VERSION = 1.0;
				PRODUCT_BUNDLE_IDENTIFIER = Abdu.iosAppUITests;
				PRODUCT_NAME = "$(TARGET_NAME)";
				SWIFT_EMIT_LOC_STRINGS = NO;
				SWIFT_VERSION = 5.0;
				TARGETED_DEVICE_FAMILY = "1,2";
				TEST_TARGET_NAME = iosApp;
			};
			name = Release;
		};
/* End XCBuildConfiguration section */

/* Begin XCConfigurationList section */
		260E22352ADD4D0500526F9F /* Build configuration list for PBXProject "iosApp" */ = {
			isa = XCConfigurationList;
			buildConfigurations = (
				260E225C2ADD4D0700526F9F /* Debug */,
				260E225D2ADD4D0700526F9F /* Release */,
			);
			defaultConfigurationIsVisible = 0;
			defaultConfigurationName = Release;
		};
		260E225E2ADD4D0700526F9F /* Build configuration list for PBXNativeTarget "iosApp" */ = {
			isa = XCConfigurationList;
			buildConfigurations = (
				260E225F2ADD4D0700526F9F /* Debug */,
				260E22602ADD4D0700526F9F /* Release */,
			);
			defaultConfigurationIsVisible = 0;
			defaultConfigurationName = Release;
		};
		260E22612ADD4D0700526F9F /* Build configuration list for PBXNativeTarget "iosAppTests" */ = {
			isa = XCConfigurationList;
			buildConfigurations = (
				260E22622ADD4D0700526F9F /* Debug */,
				260E22632ADD4D0700526F9F /* Release */,
			);
			defaultConfigurationIsVisible = 0;
			defaultConfigurationName = Release;
		};
		260E22642ADD4D0700526F9F /* Build configuration list for PBXNativeTarget "iosAppUITests" */ = {
			isa = XCConfigurationList;
			buildConfigurations = (
				260E22652ADD4D0700526F9F /* Debug */,
				260E22662ADD4D0700526F9F /* Release */,
			);
			defaultConfigurationIsVisible = 0;
			defaultConfigurationName = Release;
		};
/* End XCConfigurationList section */

/* Begin XCRemoteSwiftPackageReference section */
		26C6FB662AFA8D400037B677 /* XCRemoteSwiftPackageReference "amplify-swift" */ = {
			isa = XCRemoteSwiftPackageReference;
			repositoryURL = "https://github.com/aws-amplify/amplify-swift";
			requirement = {
				kind = upToNextMajorVersion;
				minimumVersion = 2.21.4;
			};
		};
/* End XCRemoteSwiftPackageReference section */

/* Begin XCSwiftPackageProductDependency section */
		2647E57C2B344AAC00D8E6BC /* AWSAPIPlugin */ = {
			isa = XCSwiftPackageProductDependency;
			package = 26C6FB662AFA8D400037B677 /* XCRemoteSwiftPackageReference "amplify-swift" */;
			productName = AWSAPIPlugin;
		};
		2647E57E2B344AAC00D8E6BC /* AWSCloudWatchLoggingPlugin */ = {
			isa = XCSwiftPackageProductDependency;
			package = 26C6FB662AFA8D400037B677 /* XCRemoteSwiftPackageReference "amplify-swift" */;
			productName = AWSCloudWatchLoggingPlugin;
		};
		2647E5802B344AAC00D8E6BC /* AWSCognitoAuthPlugin */ = {
			isa = XCSwiftPackageProductDependency;
			package = 26C6FB662AFA8D400037B677 /* XCRemoteSwiftPackageReference "amplify-swift" */;
			productName = AWSCognitoAuthPlugin;
		};
		2647E5822B344AAC00D8E6BC /* AWSDataStorePlugin */ = {
			isa = XCSwiftPackageProductDependency;
			package = 26C6FB662AFA8D400037B677 /* XCRemoteSwiftPackageReference "amplify-swift" */;
			productName = AWSDataStorePlugin;
		};
		2647E5842B344AAC00D8E6BC /* AWSLocationGeoPlugin */ = {
			isa = XCSwiftPackageProductDependency;
			package = 26C6FB662AFA8D400037B677 /* XCRemoteSwiftPackageReference "amplify-swift" */;
			productName = AWSLocationGeoPlugin;
		};
		2647E5862B344AAC00D8E6BC /* AWSPinpointAnalyticsPlugin */ = {
			isa = XCSwiftPackageProductDependency;
			package = 26C6FB662AFA8D400037B677 /* XCRemoteSwiftPackageReference "amplify-swift" */;
			productName = AWSPinpointAnalyticsPlugin;
		};
		2647E5882B344AAC00D8E6BC /* AWSPinpointPushNotificationsPlugin */ = {
			isa = XCSwiftPackageProductDependency;
			package = 26C6FB662AFA8D400037B677 /* XCRemoteSwiftPackageReference "amplify-swift" */;
			productName = AWSPinpointPushNotificationsPlugin;
		};
		2647E58A2B344AAC00D8E6BC /* AWSPluginsCore */ = {
			isa = XCSwiftPackageProductDependency;
			package = 26C6FB662AFA8D400037B677 /* XCRemoteSwiftPackageReference "amplify-swift" */;
			productName = AWSPluginsCore;
		};
		2647E58C2B344AAC00D8E6BC /* AWSPredictionsPlugin */ = {
			isa = XCSwiftPackageProductDependency;
			package = 26C6FB662AFA8D400037B677 /* XCRemoteSwiftPackageReference "amplify-swift" */;
			productName = AWSPredictionsPlugin;
		};
		2647E58E2B344AAC00D8E6BC /* AWSS3StoragePlugin */ = {
			isa = XCSwiftPackageProductDependency;
			package = 26C6FB662AFA8D400037B677 /* XCRemoteSwiftPackageReference "amplify-swift" */;
			productName = AWSS3StoragePlugin;
		};
		2647E5902B344AAC00D8E6BC /* Amplify */ = {
			isa = XCSwiftPackageProductDependency;
			package = 26C6FB662AFA8D400037B677 /* XCRemoteSwiftPackageReference "amplify-swift" */;
			productName = Amplify;
		};
		2647E5922B344AAC00D8E6BC /* CoreMLPredictionsPlugin */ = {
			isa = XCSwiftPackageProductDependency;
			package = 26C6FB662AFA8D400037B677 /* XCRemoteSwiftPackageReference "amplify-swift" */;
			productName = CoreMLPredictionsPlugin;
		};
/* End XCSwiftPackageProductDependency section */
	};
	rootObject = 260E22322ADD4D0500526F9F /* Project object */;
}
